
Microsoft Visual Studio Solution File, Format Version 12.00
# Visual Studio Version 18
VisualStudioVersion = 18.3.11206.111
MinimumVisualStudioVersion = 10.0.40219.1
Project("{FAE04EC0-301F-11D3-BF4B-00C04F79EFBC}") = "ExxerCube.Prisma.Domain", "01 Core\Domain\ExxerCube.Prisma.Domain.csproj", "{A1B2C3D4-E5F6-7890-ABCD-EF1234567890}"
EndProject
Project("{FAE04EC0-301F-11D3-BF4B-00C04F79EFBC}") = "ExxerCube.Prisma.Application", "01 Core\Application\ExxerCube.Prisma.Application.csproj", "{17D5045C-AFBD-4494-B7F6-5188CBDAA649}"
EndProject
Project("{FAE04EC0-301F-11D3-BF4B-00C04F79EFBC}") = "ExxerCube.Prisma.Infrastructure", "02 Infrastructure\Infrastructure\ExxerCube.Prisma.Infrastructure.csproj", "{8F7D5164-4D3A-4A03-B0E1-26DC5C8FAA9E}"
EndProject
Project("{FAE04EC0-301F-11D3-BF4B-00C04F79EFBC}") = "ExxerCube.Prisma.Infrastructure.BrowserAutomation", "02 Infrastructure\Infrastructure.BrowserAutomation\ExxerCube.Prisma.Infrastructure.BrowserAutomation.csproj", "{A2B3C4D5-E6F7-8901-BCDE-F12345678901}"
EndProject
Project("{FAE04EC0-301F-11D3-BF4B-00C04F79EFBC}") = "ExxerCube.Prisma.Infrastructure.Database", "02 Infrastructure\Infrastructure.Database\ExxerCube.Prisma.Infrastructure.Database.csproj", "{B3C4D5E6-F7A8-9012-CDEF-123456789012}"
EndProject
Project("{FAE04EC0-301F-11D3-BF4B-00C04F79EFBC}") = "ExxerCube.Prisma.Infrastructure.FileStorage", "02 Infrastructure\Infrastructure.FileStorage\ExxerCube.Prisma.Infrastructure.FileStorage.csproj", "{C4D5E6F7-A8B9-0123-DEF0-123456789013}"
EndProject
Project("{2150E333-8FDC-42A3-9474-1A3956D46DE8}") = "00 Solution Items", "00 Solution Items", "{8EC462FD-D22E-90A8-E5CE-7E832BA40C5D}"
	ProjectSection(SolutionItems) = preProject
		.editorconfig = .editorconfig
		Directory.Build.props = Directory.Build.props
		Directory.Packages.props = Directory.Packages.props
	EndProjectSection
EndProject
Project("{FAE04EC0-301F-11D3-BF4B-00C04F79EFBC}") = "ExxerCube.Prisma.Web.UI", "07 UI\UI\ExxerCube.Prisma.Web.UI\ExxerCube.Prisma.Web.UI.csproj", "{217B7541-5A6B-43E8-1430-765D9F66AA89}"
EndProject
Project("{FAE04EC0-301F-11D3-BF4B-00C04F79EFBC}") = "ExxerCube.Prisma.Infrastructure.Extraction.Ocr", "02 Infrastructure\Infrastructure.Extraction\ExxerCube.Prisma.Infrastructure.Extraction.Ocr.csproj", "{CB2300AB-9AB2-46F9-90CD-1ADF911FD277}"
EndProject
Project("{FAE04EC0-301F-11D3-BF4B-00C04F79EFBC}") = "ExxerCube.Prisma.Infrastructure.Classification", "02 Infrastructure\Infrastructure.Classification\ExxerCube.Prisma.Infrastructure.Classification.csproj", "{3D9EA495-D459-4108-9026-77A97053B353}"
EndProject
Project("{FAE04EC0-301F-11D3-BF4B-00C04F79EFBC}") = "ExxerCube.Prisma.Infrastructure.Export", "02 Infrastructure\Infrastructure.Export\ExxerCube.Prisma.Infrastructure.Export.csproj", "{CE871BB6-23FB-D701-CFCE-59B53C0D7262}"
EndProject
Project("{FAE04EC0-301F-11D3-BF4B-00C04F79EFBC}") = "ExxerCube.Prisma.Infrastructure.Metrics", "02 Infrastructure\Infrastructure.Metrics\ExxerCube.Prisma.Infrastructure.Metrics.csproj", "{E8F9A0B1-C2D3-4567-8901-234567890ABC}"
EndProject
Project("{2150E333-8FDC-42A3-9474-1A3956D46DE8}") = "09 Testing", "09 Testing", "{78DDA25A-7C38-13C4-DE39-740FEE45D7B1}"
EndProject
Project("{2150E333-8FDC-42A3-9474-1A3956D46DE8}") = "08 Tests", "08 Tests", "{A1B2C3D4-E5F6-7890-ABCD-EF1234567891}"
EndProject
Project("{FAE04EC0-301F-11D3-BF4B-00C04F79EFBC}") = "ExxerCube.Prisma.Tests.Domain", "08 Tests\01 Core\Tests.Domain\ExxerCube.Prisma.Tests.Domain.csproj", "{B2C3D4E5-F6A7-8901-BCDE-F12345678902}"
EndProject
Project("{FAE04EC0-301F-11D3-BF4B-00C04F79EFBC}") = "ExxerCube.Prisma.Tests.Domain.Interfaces", "08 Tests\01 Core\Tests.Domain.Interfaces\ExxerCube.Prisma.Tests.Domain.Interfaces.csproj", "{C3D4E5F6-A7B8-9012-CDEF-123456789013}"
EndProject
Project("{FAE04EC0-301F-11D3-BF4B-00C04F79EFBC}") = "ExxerCube.Prisma.Tests.Application", "08 Tests\01 Core\Tests.Application\ExxerCube.Prisma.Tests.Application.csproj", "{D4E5F6A7-B8C9-0123-DEF0-123456789014}"
EndProject
Project("{FAE04EC0-301F-11D3-BF4B-00C04F79EFBC}") = "ExxerCube.Prisma.Tests.Infrastructure.Database", "08 Tests\02 Infrastructure\Tests.Infrastructure.Database\ExxerCube.Prisma.Tests.Infrastructure.Database.csproj", "{E5F6A7B8-C9D0-1234-EF01-123456789015}"
EndProject
Project("{FAE04EC0-301F-11D3-BF4B-00C04F79EFBC}") = "ExxerCube.Prisma.Tests.Infrastructure.Classification", "08 Tests\02 Infrastructure\Tests.Infrastructure.Classification\ExxerCube.Prisma.Tests.Infrastructure.Classification.csproj", "{F6A7B8C9-D0E1-2345-F012-123456789016}"
EndProject
Project("{FAE04EC0-301F-11D3-BF4B-00C04F79EFBC}") = "ExxerCube.Prisma.Tests.Infrastructure.Metrics", "08 Tests\02 Infrastructure\Tests.Infrastructure.Metrics\ExxerCube.Prisma.Tests.Infrastructure.Metrics.csproj", "{F9A0B1C2-D3E4-5678-9012-345678901BCD}"
EndProject
Project("{FAE04EC0-301F-11D3-BF4B-00C04F79EFBC}") = "ExxerCube.Prisma.Tests.Infrastructure.Export", "08 Tests\02 Infrastructure\Tests.Infrastructure.Export\ExxerCube.Prisma.Tests.Infrastructure.Export.csproj", "{A7B8C9D0-E1F2-3456-0123-123456789017}"
EndProject
Project("{FAE04EC0-301F-11D3-BF4B-00C04F79EFBC}") = "ExxerCube.Prisma.Tests.Infrastructure.Extraction", "08 Tests\02 Infrastructure\Tests.Infrastructure.Extraction\ExxerCube.Prisma.Tests.Infrastructure.Extraction.csproj", "{B8C9D0E1-F2A3-4567-1234-123456789018}"
EndProject
Project("{FAE04EC0-301F-11D3-BF4B-00C04F79EFBC}") = "ExxerCube.Prisma.Tests.Infrastructure.FileSystem", "08 Tests\02 Infrastructure\Tests.Infrastructure.FileSystem\ExxerCube.Prisma.Tests.Infrastructure.FileSystem.csproj", "{C9D0E1F2-A3B4-5678-2345-123456789019}"
EndProject
Project("{FAE04EC0-301F-11D3-BF4B-00C04F79EFBC}") = "ExxerCube.Prisma.Tests.Infrastructure.FileStorage", "08 Tests\02 Infrastructure\Tests.Infrastructure.FileStorage\ExxerCube.Prisma.Tests.Infrastructure.FileStorage.csproj", "{D1E2F3A4-B5C6-7890-4567-123456789025}"
EndProject
Project("{FAE04EC0-301F-11D3-BF4B-00C04F79EFBC}") = "ExxerCube.Prisma.Tests.Infrastructure.Python", "08 Tests\02 Infrastructure\Tests.Infrastructure.Python\ExxerCube.Prisma.Tests.Infrastructure.Python.csproj", "{D0E1F2A3-B4C5-6789-3456-123456789020}"
EndProject
Project("{FAE04EC0-301F-11D3-BF4B-00C04F79EFBC}") = "ExxerCube.Prisma.Tests.System.Ocr.Pipeline", "08 Tests\05 System\Tests.System\ExxerCube.Prisma.Tests.System.Ocr.Pipeline.csproj", "{E1F2A3B4-C5D6-7890-4567-123456789021}"
EndProject
Project("{FAE04EC0-301F-11D3-BF4B-00C04F79EFBC}") = "ExxerCube.Prisma.Tests.Architecture", "08 Tests\09 Architecture\Tests.Architecture\ExxerCube.Prisma.Tests.Architecture.csproj", "{A3B4C5D6-E7F8-9012-6789-123456789023}"
EndProject
Project("{FAE04EC0-301F-11D3-BF4B-00C04F79EFBC}") = "ExxerCube.Prisma.Tests.UI", "08 Tests\07 UI\Tests.UI\ExxerCube.Prisma.Tests.UI.csproj", "{B4C5D6E7-F8A9-0123-7890-123456789024}"
EndProject
Project("{2150E333-8FDC-42A3-9474-1A3956D46DE8}") = "01Abstractions", "01Abstractions", "{FDC478F0-4B7C-C457-9E18-8E0295ADAF71}"
EndProject
Project("{2150E333-8FDC-42A3-9474-1A3956D46DE8}") = "03 Infrastructure", "03 Infrastructure", "{11DBDC77-71FD-4961-616D-E4DF1B1B0C75}"
EndProject
Project("{2150E333-8FDC-42A3-9474-1A3956D46DE8}") = "02 Contracts", "02 Contracts", "{8E103E32-CB62-FCF3-C054-F0BE7982B1AF}"
EndProject
Project("{2150E333-8FDC-42A3-9474-1A3956D46DE8}") = "04 Python Testing", "04 Python Testing", "{29717C03-BAFB-1B2C-6138-345435E8583B}"
EndProject
Project("{2150E333-8FDC-42A3-9474-1A3956D46DE8}") = "01 Core", "01 Core", "{B7ACF848-A008-44F1-83DD-2FBDEDF5BAF7}"
EndProject
Project("{2150E333-8FDC-42A3-9474-1A3956D46DE8}") = "02 Infrastructure", "02 Infrastructure", "{3166389F-1D09-47D5-A74A-5F2F2DDB9120}"
EndProject
Project("{2150E333-8FDC-42A3-9474-1A3956D46DE8}") = "07 UI", "07 UI", "{9A57EED0-B8D9-44FD-BEF3-5F5E28A9A361}"
EndProject
Project("{2150E333-8FDC-42A3-9474-1A3956D46DE8}") = "01 Core", "01 Core", "{A9B62BA4-90B8-4185-BAC1-81E5525E9DC7}"
EndProject
Project("{2150E333-8FDC-42A3-9474-1A3956D46DE8}") = "02 Infrastructure", "02 Infrastructure", "{56E66B46-BE15-4AD1-B371-252E84EDB669}"
EndProject
Project("{2150E333-8FDC-42A3-9474-1A3956D46DE8}") = "06 UI", "06 UI", "{B30DA67D-0947-4633-93E6-35B59DA94108}"
EndProject
Project("{2150E333-8FDC-42A3-9474-1A3956D46DE8}") = "06 E2E", "06 E2E", "{1657511B-F653-4E87-BD0F-6AA1388E7554}"
EndProject
Project("{2150E333-8FDC-42A3-9474-1A3956D46DE8}") = "05 System", "05 System", "{A4638C92-261B-45C3-9443-AACCC792015D}"
EndProject
Project("{2150E333-8FDC-42A3-9474-1A3956D46DE8}") = "09 Architecture", "09 Architecture", "{CAF426F5-0A57-474A-8B22-AD3D1BFED2CE}"
EndProject
Project("{FAE04EC0-301F-11D3-BF4B-00C04F79EFBC}") = "ExxerCube.Prisma.Infrastructure.Python.GotOcr2", "02 Infrastructure\Infrastructure.Python.GotOcr2\ExxerCube.Prisma.Infrastructure.Python.GotOcr2.csproj", "{429E8B33-0C9F-444D-85A0-ED88F8DB23AD}"
EndProject
Project("{FAE04EC0-301F-11D3-BF4B-00C04F79EFBC}") = "ExxerCube.Prisma.Infrastructure.Imaging", "02 Infrastructure\Infrastructure.Imaging\ExxerCube.Prisma.Infrastructure.Imaging.csproj", "{41C3FBBE-BED4-4BFE-917E-6AD3B0F32886}"
EndProject
Project("{FAE04EC0-301F-11D3-BF4B-00C04F79EFBC}") = "ExxerCube.Prisma.Tests.Infrastructure.Imaging", "08 Tests\02 Infrastructure\Tests.Infrastructure.Imaging\ExxerCube.Prisma.Tests.Infrastructure.Imaging.csproj", "{7FC33D4A-C719-4F10-A037-D5DDF32DF008}"
EndProject
Project("{FAE04EC0-301F-11D3-BF4B-00C04F79EFBC}") = "ExxerCube.Prisma.Tests.Infrastructure.Extraction.Teseract", "08 Tests\02 Infrastructure\Tests.Infrastructure.Extraction.Teseract\ExxerCube.Prisma.Tests.Infrastructure.Extraction.Teseract.csproj", "{9913B3D4-A44B-35CE-9801-176E505312A2}"
EndProject
Project("{FAE04EC0-301F-11D3-BF4B-00C04F79EFBC}") = "ExxerCube.Prisma.Tests.Infrastructure.Extraction.GotOcr2", "08 Tests\02 Infrastructure\Tests.Infrastructure.Extraction.GotOcr2\ExxerCube.Prisma.Tests.Infrastructure.Extraction.GotOcr2.csproj", "{766CFE9B-0E64-E0AD-197B-EA8A692E80DD}"
EndProject
Project("{FAE04EC0-301F-11D3-BF4B-00C04F79EFBC}") = "ExxerCube.Prisma.Tests.System.XmlExtraction", "08 Tests\05 System\Tests.System.XmlExtraction\ExxerCube.Prisma.Tests.System.XmlExtraction.csproj", "{186057A9-9B86-24DA-F131-3947A7565BB2}"
EndProject
Project("{FAE04EC0-301F-11D3-BF4B-00C04F79EFBC}") = "ExxerCube.Prisma.Tests.System.Storage", "08 Tests\05 System\Tests.System.Storage\ExxerCube.Prisma.Tests.System.Storage.csproj", "{C020333A-003E-FED6-A9EB-1EF11854BFB1}"
EndProject
Project("{FAE04EC0-301F-11D3-BF4B-00C04F79EFBC}") = "ExxerCube.Prisma.Infrastructure.Export.Adaptive", "02 Infrastructure\Infrastructure.Export.Adaptive\ExxerCube.Prisma.Infrastructure.Export.Adaptive.csproj", "{EBF68D3B-7776-E1B2-14F5-BA9AC808BC0A}"
EndProject
Project("{FAE04EC0-301F-11D3-BF4B-00C04F79EFBC}") = "ExxerCube.Prisma.Tests.Infrastructure.Export.Adaptive", "08 Tests\02 Infrastructure\Tests.Infrastructure.Export.Adaptive\ExxerCube.Prisma.Tests.Infrastructure.Export.Adaptive.csproj", "{441B3600-3A5A-F0AC-FD13-B134265E7709}"
EndProject
Project("{FAE04EC0-301F-11D3-BF4B-00C04F79EFBC}") = "ExxerCube.Prisma.Infrastructure.Extraction.Adaptive", "02 Infrastructure\Infrastructure.Extraction.Adaptive\ExxerCube.Prisma.Infrastructure.Extraction.Adaptive.csproj", "{625B268A-3E77-229C-35F0-598E52859439}"
EndProject
Project("{FAE04EC0-301F-11D3-BF4B-00C04F79EFBC}") = "ExxerCube.Prisma.Infrastructure.Events", "02 Infrastructure\Infrastructure.Events\ExxerCube.Prisma.Infrastructure.Events.csproj", "{AA73C313-69F3-4796-941C-4B1A8A9A87E0}"
EndProject
Project("{FAE04EC0-301F-11D3-BF4B-00C04F79EFBC}") = "ExxerCube.Prisma.Infrastructure.Events.Tests", "08 Tests\02 Infrastructure\Infrastructure.Events.Tests\ExxerCube.Prisma.Infrastructure.Events.Tests.csproj", "{C691DC1D-A708-4EBF-A334-6F626DFD205B}"
EndProject
Project("{FAE04EC0-301F-11D3-BF4B-00C04F79EFBC}") = "ExxerCube.Prisma.Infrastructure.Python.VecExtraction", "02 Infrastructure\Infrastructure.Python.VecExtraction\ExxerCube.Prisma.Infrastructure.Python.VecExtraction.csproj", "{D4F548BA-7DF5-41B7-93CC-6623C15065CD}"
EndProject
Project("{2150E333-8FDC-42A3-9474-1A3956D46DE8}") = "03 Orchestration", "03 Orchestration", "{3AC6A357-5E9D-DA70-9B89-6B31FFDC0ADD}"
EndProject
Project("{FAE04EC0-301F-11D3-BF4B-00C04F79EFBC}") = "ExxerCube.Prisma.Orchestration", "03 Orchestration\ExxerCube.Prisma.Orchestration.csproj", "{3EF05B44-7AD1-4AEF-A839-03D1CD9433B2}"
EndProject
Project("{2150E333-8FDC-42A3-9474-1A3956D46DE8}") = "03 Orchestration", "03 Orchestration", "{B343FD0A-741A-85FC-5C20-EA53BA386DE4}"
EndProject
Project("{FAE04EC0-301F-11D3-BF4B-00C04F79EFBC}") = "ExxerCube.Prisma.Tests.Orchestration", "08 Tests\03 Orchestration\ExxerCube.Prisma.Tests.Orchestration\ExxerCube.Prisma.Tests.Orchestration.csproj", "{06758EED-EFEA-4D3F-A6D1-9B3E22CD1C7F}"
EndProject
Project("{2150E333-8FDC-42A3-9474-1A3956D46DE8}") = "08-Console", "08-Console", "{56391C2E-BEF5-AB7A-DCBC-781B212667B1}"
EndProject
Project("{2150E333-8FDC-42A3-9474-1A3956D46DE8}") = "ConsoleApp.GotOcr2Demo", "ConsoleApp.GotOcr2Demo", "{F0EA9E3F-9688-A217-9949-1FCDA22C17E3}"
EndProject
Project("{FAE04EC0-301F-11D3-BF4B-00C04F79EFBC}") = "ExxerCube.Prisma.ConsoleApp.GotOcr2Demo", "08 Tests\08 Console\ConsoleApp.GotOcr2Demo\ExxerCube.Prisma.ConsoleApp.GotOcr2Demo.csproj", "{C1ADC774-A9EC-4EC9-BAFC-17361E0535D6}"
EndProject
Project("{2150E333-8FDC-42A3-9474-1A3956D46DE8}") = "ConsoleApp.VecExtractionDemo", "ConsoleApp.VecExtractionDemo", "{976D8CAB-ACFD-9DD9-5007-1C00E4ED6AA1}"
EndProject
Project("{FAE04EC0-301F-11D3-BF4B-00C04F79EFBC}") = "ExxerCube.Prisma.ConsoleApp.VecExtractionDemo", "08 Tests\08 Console\ConsoleApp.VecExtractionDemo\ExxerCube.Prisma.ConsoleApp.VecExtractionDemo.csproj", "{BD98B205-BA35-4FFD-B04C-653F0C711322}"
EndProject
Project("{2150E333-8FDC-42A3-9474-1A3956D46DE8}") = "04 Services", "04 Services", "{D10FD134-2176-E496-5EEE-33845BA1ADBE}"
EndProject
Project("{2150E333-8FDC-42A3-9474-1A3956D46DE8}") = "Orion", "Orion", "{F38A7F74-5454-96F7-1DFF-FB4F9D9589D7}"
EndProject
Project("{FAE04EC0-301F-11D3-BF4B-00C04F79EFBC}") = "ExxerCube.Prisma.Orion.Ingestion", "04 Services\Orion\Prisma.Orion.Ingestion\ExxerCube.Prisma.Orion.Ingestion.csproj", "{1C8DB293-1FAB-441D-B85E-FBE905DFB0A3}"
EndProject
Project("{FAE04EC0-301F-11D3-BF4B-00C04F79EFBC}") = "ExxerCube.Prisma.Orion.Worker", "04 Services\Orion\Prisma.Orion.Worker\ExxerCube.Prisma.Orion.Worker.csproj", "{90BF94CB-C1A5-45A1-95F4-9E6085D02CC4}"
EndProject
Project("{FAE04EC0-301F-11D3-BF4B-00C04F79EFBC}") = "ExxerCube.Prisma.Orion.HealthChecks", "04 Services\Orion\Prisma.Orion.HealthChecks\ExxerCube.Prisma.Orion.HealthChecks.csproj", "{53CA841F-A5DF-40EE-BE8F-ECEA84F64824}"
EndProject
Project("{2150E333-8FDC-42A3-9474-1A3956D46DE8}") = "Athena", "Athena", "{85CA4B19-7B0D-D8BC-5E6F-3325EA9CB680}"
EndProject
Project("{FAE04EC0-301F-11D3-BF4B-00C04F79EFBC}") = "ExxerCube.Prisma.Athena.Processing", "04 Services\Athena\Prisma.Athena.Processing\ExxerCube.Prisma.Athena.Processing.csproj", "{00B238DC-4814-4114-AA43-11F9ED15F0D8}"
EndProject
Project("{FAE04EC0-301F-11D3-BF4B-00C04F79EFBC}") = "ExxerCube.Prisma.Athena.Worker", "04 Services\Athena\Prisma.Athena.Worker\ExxerCube.Prisma.Athena.Worker.csproj", "{ACFD2103-5210-4C8C-890D-FF50428B5492}"
EndProject
Project("{FAE04EC0-301F-11D3-BF4B-00C04F79EFBC}") = "ExxerCube.Prisma.Athena.HealthChecks", "04 Services\Athena\Prisma.Athena.HealthChecks\ExxerCube.Prisma.Athena.HealthChecks.csproj", "{B857C0F5-36E2-4559-920A-096DE0DAA165}"
EndProject
Project("{2150E333-8FDC-42A3-9474-1A3956D46DE8}") = "Sentinel", "Sentinel", "{9A1BFC0B-DF59-E132-DB20-7A0733834827}"
EndProject
Project("{FAE04EC0-301F-11D3-BF4B-00C04F79EFBC}") = "ExxerCube.Prisma.Sentinel.Monitor", "04 Services\Sentinel\Prisma.Sentinel.Monitor\ExxerCube.Prisma.Sentinel.Monitor.csproj", "{29871E0B-64FE-4342-AFE3-A6BF477005BF}"
EndProject
Project("{2150E333-8FDC-42A3-9474-1A3956D46DE8}") = "Auth", "Auth", "{D34CA191-182B-346A-19BA-12FA74857812}"
EndProject
Project("{2150E333-8FDC-42A3-9474-1A3956D46DE8}") = "Prisma.Auth.Domain", "Prisma.Auth.Domain", "{D90C9C26-E88F-454B-1186-6178A254E05C}"
EndProject
Project("{FAE04EC0-301F-11D3-BF4B-00C04F79EFBC}") = "ExxerCube.Prisma.Auth.Domain", "04 Services\Auth\Prisma.Auth.Domain\ExxerCube.Prisma.Auth.Domain.csproj", "{47E3458B-376A-499C-A103-AF3BC00EF857}"
EndProject
Project("{2150E333-8FDC-42A3-9474-1A3956D46DE8}") = "Prisma.Auth.Infrastructure", "Prisma.Auth.Infrastructure", "{1BE1DBF0-9033-7228-E5DC-FAE5713B3137}"
EndProject
Project("{FAE04EC0-301F-11D3-BF4B-00C04F79EFBC}") = "ExxerCube.Prisma.Auth.Infrastructure", "04 Services\Auth\Prisma.Auth.Infrastructure\ExxerCube.Prisma.Auth.Infrastructure.csproj", "{C5FA7233-FB30-43B6-8304-93E7F474255B}"
EndProject
Project("{2150E333-8FDC-42A3-9474-1A3956D46DE8}") = "04 Services", "04 Services", "{E625C2A4-E5BF-60FB-08D0-B0B68B726110}"
EndProject
Project("{2150E333-8FDC-42A3-9474-1A3956D46DE8}") = "Orion", "Orion", "{5D3C28BA-2599-6145-3E24-4F7ECF04C6B9}"
EndProject
Project("{FAE04EC0-301F-11D3-BF4B-00C04F79EFBC}") = "ExxerCube.Prisma.Orion.Ingestion.Tests", "08 Tests\04 Services\Orion\Prisma.Orion.Ingestion.Tests\ExxerCube.Prisma.Orion.Ingestion.Tests.csproj", "{C3988608-4438-44EE-81D3-002A1FE486B8}"
EndProject
Project("{FAE04EC0-301F-11D3-BF4B-00C04F79EFBC}") = "ExxerCube.Prisma.Orion.Worker.Tests", "08 Tests\04 Services\Orion\Prisma.Orion.Worker.Tests\ExxerCube.Prisma.Orion.Worker.Tests.csproj", "{42F1C94F-5ACE-47C4-8726-2BA2E4B4B520}"
EndProject
Project("{FAE04EC0-301F-11D3-BF4B-00C04F79EFBC}") = "ExxerCube.Prisma.Orion.HealthChecks.Tests", "08 Tests\04 Services\Orion\Prisma.Orion.HealthChecks.Tests\ExxerCube.Prisma.Orion.HealthChecks.Tests.csproj", "{7723370F-A28C-455E-A63D-4391079C2891}"
EndProject
Project("{2150E333-8FDC-42A3-9474-1A3956D46DE8}") = "Athena", "Athena", "{4FBE8CEB-6FCB-18AC-7974-F2E749D1C9ED}"
EndProject
Project("{FAE04EC0-301F-11D3-BF4B-00C04F79EFBC}") = "ExxerCube.Prisma.Athena.Processing.Tests", "08 Tests\04 Services\Athena\Prisma.Athena.Processing.Tests\ExxerCube.Prisma.Athena.Processing.Tests.csproj", "{ABA5D29D-B2CB-4422-8602-4A288FBB0534}"
EndProject
Project("{FAE04EC0-301F-11D3-BF4B-00C04F79EFBC}") = "ExxerCube.Prisma.Athena.Worker.Tests", "08 Tests\04 Services\Athena\Prisma.Athena.Worker.Tests\ExxerCube.Prisma.Athena.Worker.Tests.csproj", "{F0CDAFAF-7CF4-4370-8CF2-30B36E3652FC}"
EndProject
Project("{FAE04EC0-301F-11D3-BF4B-00C04F79EFBC}") = "ExxerCube.Prisma.Athena.HealthChecks.Tests", "08 Tests\04 Services\Athena\Prisma.Athena.HealthChecks.Tests\ExxerCube.Prisma.Athena.HealthChecks.Tests.csproj", "{A55CB4D3-2763-4353-A641-4D3C5D9EA80A}"
EndProject
Project("{2150E333-8FDC-42A3-9474-1A3956D46DE8}") = "Sentinel", "Sentinel", "{EA13F55D-55AD-96A6-0F7B-D78F31FCD0FE}"
EndProject
Project("{FAE04EC0-301F-11D3-BF4B-00C04F79EFBC}") = "ExxerCube.Prisma.Sentinel.Monitor.Tests", "08 Tests\04 Services\Sentinel\Prisma.Sentinel.Monitor.Tests\ExxerCube.Prisma.Sentinel.Monitor.Tests.csproj", "{2288A3D1-D5B0-4170-9A7D-0C701F06C649}"
EndProject
Project("{2150E333-8FDC-42A3-9474-1A3956D46DE8}") = "Auth", "Auth", "{2F4C8C3D-05BD-AA92-754F-649860E894F8}"
EndProject
Project("{FAE04EC0-301F-11D3-BF4B-00C04F79EFBC}") = "ExxerCube.Prisma.Auth.Infrastructure.Tests", "08 Tests\04 Services\Auth\Prisma.Auth.Infrastructure.Tests\ExxerCube.Prisma.Auth.Infrastructure.Tests.csproj", "{2681C80F-C497-42F6-81F4-8F9BB898325C}"
EndProject
Project("{2150E333-8FDC-42A3-9474-1A3956D46DE8}") = "Shared", "Shared", "{D4557AFE-CC69-2FE3-12BC-714B2E1494A5}"
EndProject
Project("{2150E333-8FDC-42A3-9474-1A3956D46DE8}") = "Prisma.Shared.Contracts.Tests", "Prisma.Shared.Contracts.Tests", "{64143369-B5BD-9299-7950-E5B18F520871}"
EndProject
Project("{FAE04EC0-301F-11D3-BF4B-00C04F79EFBC}") = "ExxerCube.Prisma.Shared.Contracts.Tests", "08 Tests\04 Services\Shared\Prisma.Shared.Contracts.Tests\ExxerCube.Prisma.Shared.Contracts.Tests.csproj", "{B1E84302-17E6-4AE2-AD24-2DD79F4B60F6}"
EndProject
Project("{2150E333-8FDC-42A3-9474-1A3956D46DE8}") = "HMI", "HMI", "{EDF27C4D-48C4-B90A-1375-AD40D64F12C4}"
EndProject
Project("{FAE04EC0-301F-11D3-BF4B-00C04F79EFBC}") = "ExxerCube.Prisma.HMI.Tests", "08 Tests\04 Services\HMI\Prisma.HMI.Tests\ExxerCube.Prisma.HMI.Tests.csproj", "{D13E52C5-84A9-43EF-B6A1-DA95D6D22586}"
EndProject
Project("{FAE04EC0-301F-11D3-BF4B-00C04F79EFBC}") = "ExxerCube.Prisma.Testing.Abstractions", "09 Testing\01 Abstractions\Testing\Abstractions\ExxerCube.Prisma.Testing.Abstractions.csproj", "{C63CCE8D-FF72-1136-0C38-71160025B359}"
EndProject
Project("{FAE04EC0-301F-11D3-BF4B-00C04F79EFBC}") = "ExxerCube.Prisma.Testing.Contracts", "09 Testing\01 Abstractions\Testing\Contracts\ExxerCube.Prisma.Testing.Contracts.csproj", "{042933E6-36B1-808F-ABE4-2E07E6DF4367}"
EndProject
Project("{FAE04EC0-301F-11D3-BF4B-00C04F79EFBC}") = "ExxerCube.Prisma.Testing.Infrastructure", "09 Testing\01 Abstractions\Testing\Infrastructure\ExxerCube.Prisma.Testing.Infrastructure.csproj", "{8A649EF7-6629-B385-8969-D9D26A5DD91B}"
EndProject
Project("{FAE04EC0-301F-11D3-BF4B-00C04F79EFBC}") = "ExxerCube.Prisma.Testing.Python", "09 Testing\01 Abstractions\Testing\Python\ExxerCube.Prisma.Testing.Python.csproj", "{CFBAFF3A-A935-9660-C38E-41B96991BB48}"
EndProject
Project("{FAE04EC0-301F-11D3-BF4B-00C04F79EFBC}") = "ExxerCube.Prisma.Tests.System.E2E", "08 Tests\06 E2E\Prisma.Tests.System.E2E\ExxerCube.Prisma.Tests.System.E2E.csproj", "{03EDAA35-643A-4E23-96A2-ACD2228F9930}"
EndProject
Project("{FAE04EC0-301F-11D3-BF4B-00C04F79EFBC}") = "ExxerCube.Prisma.Tests.EndToEnd", "08 Tests\06 E2E\Tests.EndToEnd\ExxerCube.Prisma.Tests.EndToEnd.csproj", "{9DDB2A5E-6FD7-4792-A500-6EF04082211F}"
EndProject
Project("{FAE04EC0-301F-11D3-BF4B-00C04F79EFBC}") = "ExxerCube.Prisma.Tests.System.Export.Adaptive", "08 Tests\05 System\Tests.System.Export.Adaptive\ExxerCube.Prisma.Tests.System.Export.Adaptive.csproj", "{86955A40-DFA8-56C5-EFAC-033C1B343521}"
EndProject
Global
	GlobalSection(SolutionConfigurationPlatforms) = preSolution
		Debug|Any CPU = Debug|Any CPU
		Debug|x64 = Debug|x64
		Debug|x86 = Debug|x86
		Release|Any CPU = Release|Any CPU
		Release|x64 = Release|x64
		Release|x86 = Release|x86
	EndGlobalSection
	GlobalSection(ProjectConfigurationPlatforms) = postSolution
		{A1B2C3D4-E5F6-7890-ABCD-EF1234567890}.Debug|Any CPU.ActiveCfg = Debug|Any CPU
		{A1B2C3D4-E5F6-7890-ABCD-EF1234567890}.Debug|Any CPU.Build.0 = Debug|Any CPU
		{A1B2C3D4-E5F6-7890-ABCD-EF1234567890}.Debug|x64.ActiveCfg = Debug|Any CPU
		{A1B2C3D4-E5F6-7890-ABCD-EF1234567890}.Debug|x64.Build.0 = Debug|Any CPU
		{A1B2C3D4-E5F6-7890-ABCD-EF1234567890}.Debug|x86.ActiveCfg = Debug|Any CPU
		{A1B2C3D4-E5F6-7890-ABCD-EF1234567890}.Debug|x86.Build.0 = Debug|Any CPU
		{A1B2C3D4-E5F6-7890-ABCD-EF1234567890}.Release|Any CPU.ActiveCfg = Release|Any CPU
		{A1B2C3D4-E5F6-7890-ABCD-EF1234567890}.Release|Any CPU.Build.0 = Release|Any CPU
		{A1B2C3D4-E5F6-7890-ABCD-EF1234567890}.Release|x64.ActiveCfg = Release|Any CPU
		{A1B2C3D4-E5F6-7890-ABCD-EF1234567890}.Release|x64.Build.0 = Release|Any CPU
		{A1B2C3D4-E5F6-7890-ABCD-EF1234567890}.Release|x86.ActiveCfg = Release|Any CPU
		{A1B2C3D4-E5F6-7890-ABCD-EF1234567890}.Release|x86.Build.0 = Release|Any CPU
		{17D5045C-AFBD-4494-B7F6-5188CBDAA649}.Debug|Any CPU.ActiveCfg = Debug|Any CPU
		{17D5045C-AFBD-4494-B7F6-5188CBDAA649}.Debug|Any CPU.Build.0 = Debug|Any CPU
		{17D5045C-AFBD-4494-B7F6-5188CBDAA649}.Debug|x64.ActiveCfg = Debug|Any CPU
		{17D5045C-AFBD-4494-B7F6-5188CBDAA649}.Debug|x64.Build.0 = Debug|Any CPU
		{17D5045C-AFBD-4494-B7F6-5188CBDAA649}.Debug|x86.ActiveCfg = Debug|Any CPU
		{17D5045C-AFBD-4494-B7F6-5188CBDAA649}.Debug|x86.Build.0 = Debug|Any CPU
		{17D5045C-AFBD-4494-B7F6-5188CBDAA649}.Release|Any CPU.ActiveCfg = Release|Any CPU
		{17D5045C-AFBD-4494-B7F6-5188CBDAA649}.Release|Any CPU.Build.0 = Release|Any CPU
		{17D5045C-AFBD-4494-B7F6-5188CBDAA649}.Release|x64.ActiveCfg = Release|Any CPU
		{17D5045C-AFBD-4494-B7F6-5188CBDAA649}.Release|x64.Build.0 = Release|Any CPU
		{17D5045C-AFBD-4494-B7F6-5188CBDAA649}.Release|x86.ActiveCfg = Release|Any CPU
		{17D5045C-AFBD-4494-B7F6-5188CBDAA649}.Release|x86.Build.0 = Release|Any CPU
		{8F7D5164-4D3A-4A03-B0E1-26DC5C8FAA9E}.Debug|Any CPU.ActiveCfg = Debug|Any CPU
		{8F7D5164-4D3A-4A03-B0E1-26DC5C8FAA9E}.Debug|Any CPU.Build.0 = Debug|Any CPU
		{8F7D5164-4D3A-4A03-B0E1-26DC5C8FAA9E}.Debug|x64.ActiveCfg = Debug|Any CPU
		{8F7D5164-4D3A-4A03-B0E1-26DC5C8FAA9E}.Debug|x64.Build.0 = Debug|Any CPU
		{8F7D5164-4D3A-4A03-B0E1-26DC5C8FAA9E}.Debug|x86.ActiveCfg = Debug|Any CPU
		{8F7D5164-4D3A-4A03-B0E1-26DC5C8FAA9E}.Debug|x86.Build.0 = Debug|Any CPU
		{8F7D5164-4D3A-4A03-B0E1-26DC5C8FAA9E}.Release|Any CPU.ActiveCfg = Release|Any CPU
		{8F7D5164-4D3A-4A03-B0E1-26DC5C8FAA9E}.Release|Any CPU.Build.0 = Release|Any CPU
		{8F7D5164-4D3A-4A03-B0E1-26DC5C8FAA9E}.Release|x64.ActiveCfg = Release|Any CPU
		{8F7D5164-4D3A-4A03-B0E1-26DC5C8FAA9E}.Release|x64.Build.0 = Release|Any CPU
		{8F7D5164-4D3A-4A03-B0E1-26DC5C8FAA9E}.Release|x86.ActiveCfg = Release|Any CPU
		{8F7D5164-4D3A-4A03-B0E1-26DC5C8FAA9E}.Release|x86.Build.0 = Release|Any CPU
		{A2B3C4D5-E6F7-8901-BCDE-F12345678901}.Debug|Any CPU.ActiveCfg = Debug|Any CPU
		{A2B3C4D5-E6F7-8901-BCDE-F12345678901}.Debug|Any CPU.Build.0 = Debug|Any CPU
		{A2B3C4D5-E6F7-8901-BCDE-F12345678901}.Debug|x64.ActiveCfg = Debug|Any CPU
		{A2B3C4D5-E6F7-8901-BCDE-F12345678901}.Debug|x64.Build.0 = Debug|Any CPU
		{A2B3C4D5-E6F7-8901-BCDE-F12345678901}.Debug|x86.ActiveCfg = Debug|Any CPU
		{A2B3C4D5-E6F7-8901-BCDE-F12345678901}.Debug|x86.Build.0 = Debug|Any CPU
		{A2B3C4D5-E6F7-8901-BCDE-F12345678901}.Release|Any CPU.ActiveCfg = Release|Any CPU
		{A2B3C4D5-E6F7-8901-BCDE-F12345678901}.Release|Any CPU.Build.0 = Release|Any CPU
		{A2B3C4D5-E6F7-8901-BCDE-F12345678901}.Release|x64.ActiveCfg = Release|Any CPU
		{A2B3C4D5-E6F7-8901-BCDE-F12345678901}.Release|x64.Build.0 = Release|Any CPU
		{A2B3C4D5-E6F7-8901-BCDE-F12345678901}.Release|x86.ActiveCfg = Release|Any CPU
		{A2B3C4D5-E6F7-8901-BCDE-F12345678901}.Release|x86.Build.0 = Release|Any CPU
		{B3C4D5E6-F7A8-9012-CDEF-123456789012}.Debug|Any CPU.ActiveCfg = Debug|Any CPU
		{B3C4D5E6-F7A8-9012-CDEF-123456789012}.Debug|Any CPU.Build.0 = Debug|Any CPU
		{B3C4D5E6-F7A8-9012-CDEF-123456789012}.Debug|x64.ActiveCfg = Debug|Any CPU
		{B3C4D5E6-F7A8-9012-CDEF-123456789012}.Debug|x64.Build.0 = Debug|Any CPU
		{B3C4D5E6-F7A8-9012-CDEF-123456789012}.Debug|x86.ActiveCfg = Debug|Any CPU
		{B3C4D5E6-F7A8-9012-CDEF-123456789012}.Debug|x86.Build.0 = Debug|Any CPU
		{B3C4D5E6-F7A8-9012-CDEF-123456789012}.Release|Any CPU.ActiveCfg = Release|Any CPU
		{B3C4D5E6-F7A8-9012-CDEF-123456789012}.Release|Any CPU.Build.0 = Release|Any CPU
		{B3C4D5E6-F7A8-9012-CDEF-123456789012}.Release|x64.ActiveCfg = Release|Any CPU
		{B3C4D5E6-F7A8-9012-CDEF-123456789012}.Release|x64.Build.0 = Release|Any CPU
		{B3C4D5E6-F7A8-9012-CDEF-123456789012}.Release|x86.ActiveCfg = Release|Any CPU
		{B3C4D5E6-F7A8-9012-CDEF-123456789012}.Release|x86.Build.0 = Release|Any CPU
		{C4D5E6F7-A8B9-0123-DEF0-123456789013}.Debug|Any CPU.ActiveCfg = Debug|Any CPU
		{C4D5E6F7-A8B9-0123-DEF0-123456789013}.Debug|Any CPU.Build.0 = Debug|Any CPU
		{C4D5E6F7-A8B9-0123-DEF0-123456789013}.Debug|x64.ActiveCfg = Debug|Any CPU
		{C4D5E6F7-A8B9-0123-DEF0-123456789013}.Debug|x64.Build.0 = Debug|Any CPU
		{C4D5E6F7-A8B9-0123-DEF0-123456789013}.Debug|x86.ActiveCfg = Debug|Any CPU
		{C4D5E6F7-A8B9-0123-DEF0-123456789013}.Debug|x86.Build.0 = Debug|Any CPU
		{C4D5E6F7-A8B9-0123-DEF0-123456789013}.Release|Any CPU.ActiveCfg = Release|Any CPU
		{C4D5E6F7-A8B9-0123-DEF0-123456789013}.Release|Any CPU.Build.0 = Release|Any CPU
		{C4D5E6F7-A8B9-0123-DEF0-123456789013}.Release|x64.ActiveCfg = Release|Any CPU
		{C4D5E6F7-A8B9-0123-DEF0-123456789013}.Release|x64.Build.0 = Release|Any CPU
		{C4D5E6F7-A8B9-0123-DEF0-123456789013}.Release|x86.ActiveCfg = Release|Any CPU
		{C4D5E6F7-A8B9-0123-DEF0-123456789013}.Release|x86.Build.0 = Release|Any CPU
		{217B7541-5A6B-43E8-1430-765D9F66AA89}.Debug|Any CPU.ActiveCfg = Debug|Any CPU
		{217B7541-5A6B-43E8-1430-765D9F66AA89}.Debug|Any CPU.Build.0 = Debug|Any CPU
		{217B7541-5A6B-43E8-1430-765D9F66AA89}.Debug|x64.ActiveCfg = Debug|Any CPU
		{217B7541-5A6B-43E8-1430-765D9F66AA89}.Debug|x64.Build.0 = Debug|Any CPU
		{217B7541-5A6B-43E8-1430-765D9F66AA89}.Debug|x86.ActiveCfg = Debug|Any CPU
		{217B7541-5A6B-43E8-1430-765D9F66AA89}.Debug|x86.Build.0 = Debug|Any CPU
		{217B7541-5A6B-43E8-1430-765D9F66AA89}.Release|Any CPU.ActiveCfg = Release|Any CPU
		{217B7541-5A6B-43E8-1430-765D9F66AA89}.Release|Any CPU.Build.0 = Release|Any CPU
		{217B7541-5A6B-43E8-1430-765D9F66AA89}.Release|x64.ActiveCfg = Release|Any CPU
		{217B7541-5A6B-43E8-1430-765D9F66AA89}.Release|x64.Build.0 = Release|Any CPU
		{217B7541-5A6B-43E8-1430-765D9F66AA89}.Release|x86.ActiveCfg = Release|Any CPU
		{217B7541-5A6B-43E8-1430-765D9F66AA89}.Release|x86.Build.0 = Release|Any CPU
		{CB2300AB-9AB2-46F9-90CD-1ADF911FD277}.Debug|Any CPU.ActiveCfg = Debug|Any CPU
		{CB2300AB-9AB2-46F9-90CD-1ADF911FD277}.Debug|Any CPU.Build.0 = Debug|Any CPU
		{CB2300AB-9AB2-46F9-90CD-1ADF911FD277}.Debug|x64.ActiveCfg = Debug|Any CPU
		{CB2300AB-9AB2-46F9-90CD-1ADF911FD277}.Debug|x64.Build.0 = Debug|Any CPU
		{CB2300AB-9AB2-46F9-90CD-1ADF911FD277}.Debug|x86.ActiveCfg = Debug|Any CPU
		{CB2300AB-9AB2-46F9-90CD-1ADF911FD277}.Debug|x86.Build.0 = Debug|Any CPU
		{CB2300AB-9AB2-46F9-90CD-1ADF911FD277}.Release|Any CPU.ActiveCfg = Release|Any CPU
		{CB2300AB-9AB2-46F9-90CD-1ADF911FD277}.Release|Any CPU.Build.0 = Release|Any CPU
		{CB2300AB-9AB2-46F9-90CD-1ADF911FD277}.Release|x64.ActiveCfg = Release|Any CPU
		{CB2300AB-9AB2-46F9-90CD-1ADF911FD277}.Release|x64.Build.0 = Release|Any CPU
		{CB2300AB-9AB2-46F9-90CD-1ADF911FD277}.Release|x86.ActiveCfg = Release|Any CPU
		{CB2300AB-9AB2-46F9-90CD-1ADF911FD277}.Release|x86.Build.0 = Release|Any CPU
		{3D9EA495-D459-4108-9026-77A97053B353}.Debug|Any CPU.ActiveCfg = Debug|Any CPU
		{3D9EA495-D459-4108-9026-77A97053B353}.Debug|Any CPU.Build.0 = Debug|Any CPU
		{3D9EA495-D459-4108-9026-77A97053B353}.Debug|x64.ActiveCfg = Debug|Any CPU
		{3D9EA495-D459-4108-9026-77A97053B353}.Debug|x64.Build.0 = Debug|Any CPU
		{3D9EA495-D459-4108-9026-77A97053B353}.Debug|x86.ActiveCfg = Debug|Any CPU
		{3D9EA495-D459-4108-9026-77A97053B353}.Debug|x86.Build.0 = Debug|Any CPU
		{3D9EA495-D459-4108-9026-77A97053B353}.Release|Any CPU.ActiveCfg = Release|Any CPU
		{3D9EA495-D459-4108-9026-77A97053B353}.Release|Any CPU.Build.0 = Release|Any CPU
		{3D9EA495-D459-4108-9026-77A97053B353}.Release|x64.ActiveCfg = Release|Any CPU
		{3D9EA495-D459-4108-9026-77A97053B353}.Release|x64.Build.0 = Release|Any CPU
		{3D9EA495-D459-4108-9026-77A97053B353}.Release|x86.ActiveCfg = Release|Any CPU
		{3D9EA495-D459-4108-9026-77A97053B353}.Release|x86.Build.0 = Release|Any CPU
		{CE871BB6-23FB-D701-CFCE-59B53C0D7262}.Debug|Any CPU.ActiveCfg = Debug|Any CPU
		{CE871BB6-23FB-D701-CFCE-59B53C0D7262}.Debug|Any CPU.Build.0 = Debug|Any CPU
		{CE871BB6-23FB-D701-CFCE-59B53C0D7262}.Debug|x64.ActiveCfg = Debug|Any CPU
		{CE871BB6-23FB-D701-CFCE-59B53C0D7262}.Debug|x64.Build.0 = Debug|Any CPU
		{CE871BB6-23FB-D701-CFCE-59B53C0D7262}.Debug|x86.ActiveCfg = Debug|Any CPU
		{CE871BB6-23FB-D701-CFCE-59B53C0D7262}.Debug|x86.Build.0 = Debug|Any CPU
		{CE871BB6-23FB-D701-CFCE-59B53C0D7262}.Release|Any CPU.ActiveCfg = Release|Any CPU
		{CE871BB6-23FB-D701-CFCE-59B53C0D7262}.Release|Any CPU.Build.0 = Release|Any CPU
		{CE871BB6-23FB-D701-CFCE-59B53C0D7262}.Release|x64.ActiveCfg = Release|Any CPU
		{CE871BB6-23FB-D701-CFCE-59B53C0D7262}.Release|x64.Build.0 = Release|Any CPU
		{CE871BB6-23FB-D701-CFCE-59B53C0D7262}.Release|x86.ActiveCfg = Release|Any CPU
		{CE871BB6-23FB-D701-CFCE-59B53C0D7262}.Release|x86.Build.0 = Release|Any CPU
		{E8F9A0B1-C2D3-4567-8901-234567890ABC}.Debug|Any CPU.ActiveCfg = Debug|Any CPU
		{E8F9A0B1-C2D3-4567-8901-234567890ABC}.Debug|Any CPU.Build.0 = Debug|Any CPU
		{E8F9A0B1-C2D3-4567-8901-234567890ABC}.Debug|x64.ActiveCfg = Debug|Any CPU
		{E8F9A0B1-C2D3-4567-8901-234567890ABC}.Debug|x64.Build.0 = Debug|Any CPU
		{E8F9A0B1-C2D3-4567-8901-234567890ABC}.Debug|x86.ActiveCfg = Debug|Any CPU
		{E8F9A0B1-C2D3-4567-8901-234567890ABC}.Debug|x86.Build.0 = Debug|Any CPU
		{E8F9A0B1-C2D3-4567-8901-234567890ABC}.Release|Any CPU.ActiveCfg = Release|Any CPU
		{E8F9A0B1-C2D3-4567-8901-234567890ABC}.Release|Any CPU.Build.0 = Release|Any CPU
		{E8F9A0B1-C2D3-4567-8901-234567890ABC}.Release|x64.ActiveCfg = Release|Any CPU
		{E8F9A0B1-C2D3-4567-8901-234567890ABC}.Release|x64.Build.0 = Release|Any CPU
		{E8F9A0B1-C2D3-4567-8901-234567890ABC}.Release|x86.ActiveCfg = Release|Any CPU
		{E8F9A0B1-C2D3-4567-8901-234567890ABC}.Release|x86.Build.0 = Release|Any CPU
		{B2C3D4E5-F6A7-8901-BCDE-F12345678902}.Debug|Any CPU.ActiveCfg = Debug|Any CPU
		{B2C3D4E5-F6A7-8901-BCDE-F12345678902}.Debug|Any CPU.Build.0 = Debug|Any CPU
		{B2C3D4E5-F6A7-8901-BCDE-F12345678902}.Debug|x64.ActiveCfg = Debug|Any CPU
		{B2C3D4E5-F6A7-8901-BCDE-F12345678902}.Debug|x64.Build.0 = Debug|Any CPU
		{B2C3D4E5-F6A7-8901-BCDE-F12345678902}.Debug|x86.ActiveCfg = Debug|Any CPU
		{B2C3D4E5-F6A7-8901-BCDE-F12345678902}.Debug|x86.Build.0 = Debug|Any CPU
		{B2C3D4E5-F6A7-8901-BCDE-F12345678902}.Release|Any CPU.ActiveCfg = Release|Any CPU
		{B2C3D4E5-F6A7-8901-BCDE-F12345678902}.Release|Any CPU.Build.0 = Release|Any CPU
		{B2C3D4E5-F6A7-8901-BCDE-F12345678902}.Release|x64.ActiveCfg = Release|Any CPU
		{B2C3D4E5-F6A7-8901-BCDE-F12345678902}.Release|x64.Build.0 = Release|Any CPU
		{B2C3D4E5-F6A7-8901-BCDE-F12345678902}.Release|x86.ActiveCfg = Release|Any CPU
		{B2C3D4E5-F6A7-8901-BCDE-F12345678902}.Release|x86.Build.0 = Release|Any CPU
		{C3D4E5F6-A7B8-9012-CDEF-123456789013}.Debug|Any CPU.ActiveCfg = Debug|Any CPU
		{C3D4E5F6-A7B8-9012-CDEF-123456789013}.Debug|Any CPU.Build.0 = Debug|Any CPU
		{C3D4E5F6-A7B8-9012-CDEF-123456789013}.Debug|x64.ActiveCfg = Debug|Any CPU
		{C3D4E5F6-A7B8-9012-CDEF-123456789013}.Debug|x64.Build.0 = Debug|Any CPU
		{C3D4E5F6-A7B8-9012-CDEF-123456789013}.Debug|x86.ActiveCfg = Debug|Any CPU
		{C3D4E5F6-A7B8-9012-CDEF-123456789013}.Debug|x86.Build.0 = Debug|Any CPU
		{C3D4E5F6-A7B8-9012-CDEF-123456789013}.Release|Any CPU.ActiveCfg = Release|Any CPU
		{C3D4E5F6-A7B8-9012-CDEF-123456789013}.Release|Any CPU.Build.0 = Release|Any CPU
		{C3D4E5F6-A7B8-9012-CDEF-123456789013}.Release|x64.ActiveCfg = Release|Any CPU
		{C3D4E5F6-A7B8-9012-CDEF-123456789013}.Release|x64.Build.0 = Release|Any CPU
		{C3D4E5F6-A7B8-9012-CDEF-123456789013}.Release|x86.ActiveCfg = Release|Any CPU
		{C3D4E5F6-A7B8-9012-CDEF-123456789013}.Release|x86.Build.0 = Release|Any CPU
		{D4E5F6A7-B8C9-0123-DEF0-123456789014}.Debug|Any CPU.ActiveCfg = Debug|Any CPU
		{D4E5F6A7-B8C9-0123-DEF0-123456789014}.Debug|Any CPU.Build.0 = Debug|Any CPU
		{D4E5F6A7-B8C9-0123-DEF0-123456789014}.Debug|x64.ActiveCfg = Debug|Any CPU
		{D4E5F6A7-B8C9-0123-DEF0-123456789014}.Debug|x64.Build.0 = Debug|Any CPU
		{D4E5F6A7-B8C9-0123-DEF0-123456789014}.Debug|x86.ActiveCfg = Debug|Any CPU
		{D4E5F6A7-B8C9-0123-DEF0-123456789014}.Debug|x86.Build.0 = Debug|Any CPU
		{D4E5F6A7-B8C9-0123-DEF0-123456789014}.Release|Any CPU.ActiveCfg = Release|Any CPU
		{D4E5F6A7-B8C9-0123-DEF0-123456789014}.Release|Any CPU.Build.0 = Release|Any CPU
		{D4E5F6A7-B8C9-0123-DEF0-123456789014}.Release|x64.ActiveCfg = Release|Any CPU
		{D4E5F6A7-B8C9-0123-DEF0-123456789014}.Release|x64.Build.0 = Release|Any CPU
		{D4E5F6A7-B8C9-0123-DEF0-123456789014}.Release|x86.ActiveCfg = Release|Any CPU
		{D4E5F6A7-B8C9-0123-DEF0-123456789014}.Release|x86.Build.0 = Release|Any CPU
		{E5F6A7B8-C9D0-1234-EF01-123456789015}.Debug|Any CPU.ActiveCfg = Debug|Any CPU
		{E5F6A7B8-C9D0-1234-EF01-123456789015}.Debug|Any CPU.Build.0 = Debug|Any CPU
		{E5F6A7B8-C9D0-1234-EF01-123456789015}.Debug|x64.ActiveCfg = Debug|Any CPU
		{E5F6A7B8-C9D0-1234-EF01-123456789015}.Debug|x64.Build.0 = Debug|Any CPU
		{E5F6A7B8-C9D0-1234-EF01-123456789015}.Debug|x86.ActiveCfg = Debug|Any CPU
		{E5F6A7B8-C9D0-1234-EF01-123456789015}.Debug|x86.Build.0 = Debug|Any CPU
		{E5F6A7B8-C9D0-1234-EF01-123456789015}.Release|Any CPU.ActiveCfg = Release|Any CPU
		{E5F6A7B8-C9D0-1234-EF01-123456789015}.Release|Any CPU.Build.0 = Release|Any CPU
		{E5F6A7B8-C9D0-1234-EF01-123456789015}.Release|x64.ActiveCfg = Release|Any CPU
		{E5F6A7B8-C9D0-1234-EF01-123456789015}.Release|x64.Build.0 = Release|Any CPU
		{E5F6A7B8-C9D0-1234-EF01-123456789015}.Release|x86.ActiveCfg = Release|Any CPU
		{E5F6A7B8-C9D0-1234-EF01-123456789015}.Release|x86.Build.0 = Release|Any CPU
		{F6A7B8C9-D0E1-2345-F012-123456789016}.Debug|Any CPU.ActiveCfg = Debug|Any CPU
		{F6A7B8C9-D0E1-2345-F012-123456789016}.Debug|Any CPU.Build.0 = Debug|Any CPU
		{F6A7B8C9-D0E1-2345-F012-123456789016}.Debug|x64.ActiveCfg = Debug|Any CPU
		{F6A7B8C9-D0E1-2345-F012-123456789016}.Debug|x64.Build.0 = Debug|Any CPU
		{F6A7B8C9-D0E1-2345-F012-123456789016}.Debug|x86.ActiveCfg = Debug|Any CPU
		{F6A7B8C9-D0E1-2345-F012-123456789016}.Debug|x86.Build.0 = Debug|Any CPU
		{F6A7B8C9-D0E1-2345-F012-123456789016}.Release|Any CPU.ActiveCfg = Release|Any CPU
		{F6A7B8C9-D0E1-2345-F012-123456789016}.Release|Any CPU.Build.0 = Release|Any CPU
		{F6A7B8C9-D0E1-2345-F012-123456789016}.Release|x64.ActiveCfg = Release|Any CPU
		{F6A7B8C9-D0E1-2345-F012-123456789016}.Release|x64.Build.0 = Release|Any CPU
		{F6A7B8C9-D0E1-2345-F012-123456789016}.Release|x86.ActiveCfg = Release|Any CPU
		{F6A7B8C9-D0E1-2345-F012-123456789016}.Release|x86.Build.0 = Release|Any CPU
		{F9A0B1C2-D3E4-5678-9012-345678901BCD}.Debug|Any CPU.ActiveCfg = Debug|Any CPU
		{F9A0B1C2-D3E4-5678-9012-345678901BCD}.Debug|Any CPU.Build.0 = Debug|Any CPU
		{F9A0B1C2-D3E4-5678-9012-345678901BCD}.Debug|x64.ActiveCfg = Debug|Any CPU
		{F9A0B1C2-D3E4-5678-9012-345678901BCD}.Debug|x64.Build.0 = Debug|Any CPU
		{F9A0B1C2-D3E4-5678-9012-345678901BCD}.Debug|x86.ActiveCfg = Debug|Any CPU
		{F9A0B1C2-D3E4-5678-9012-345678901BCD}.Debug|x86.Build.0 = Debug|Any CPU
		{F9A0B1C2-D3E4-5678-9012-345678901BCD}.Release|Any CPU.ActiveCfg = Release|Any CPU
		{F9A0B1C2-D3E4-5678-9012-345678901BCD}.Release|Any CPU.Build.0 = Release|Any CPU
		{F9A0B1C2-D3E4-5678-9012-345678901BCD}.Release|x64.ActiveCfg = Release|Any CPU
		{F9A0B1C2-D3E4-5678-9012-345678901BCD}.Release|x64.Build.0 = Release|Any CPU
		{F9A0B1C2-D3E4-5678-9012-345678901BCD}.Release|x86.ActiveCfg = Release|Any CPU
		{F9A0B1C2-D3E4-5678-9012-345678901BCD}.Release|x86.Build.0 = Release|Any CPU
		{A7B8C9D0-E1F2-3456-0123-123456789017}.Debug|Any CPU.ActiveCfg = Debug|Any CPU
		{A7B8C9D0-E1F2-3456-0123-123456789017}.Debug|Any CPU.Build.0 = Debug|Any CPU
		{A7B8C9D0-E1F2-3456-0123-123456789017}.Debug|x64.ActiveCfg = Debug|Any CPU
		{A7B8C9D0-E1F2-3456-0123-123456789017}.Debug|x64.Build.0 = Debug|Any CPU
		{A7B8C9D0-E1F2-3456-0123-123456789017}.Debug|x86.ActiveCfg = Debug|Any CPU
		{A7B8C9D0-E1F2-3456-0123-123456789017}.Debug|x86.Build.0 = Debug|Any CPU
		{A7B8C9D0-E1F2-3456-0123-123456789017}.Release|Any CPU.ActiveCfg = Release|Any CPU
		{A7B8C9D0-E1F2-3456-0123-123456789017}.Release|Any CPU.Build.0 = Release|Any CPU
		{A7B8C9D0-E1F2-3456-0123-123456789017}.Release|x64.ActiveCfg = Release|Any CPU
		{A7B8C9D0-E1F2-3456-0123-123456789017}.Release|x64.Build.0 = Release|Any CPU
		{A7B8C9D0-E1F2-3456-0123-123456789017}.Release|x86.ActiveCfg = Release|Any CPU
		{A7B8C9D0-E1F2-3456-0123-123456789017}.Release|x86.Build.0 = Release|Any CPU
		{B8C9D0E1-F2A3-4567-1234-123456789018}.Debug|Any CPU.ActiveCfg = Debug|Any CPU
		{B8C9D0E1-F2A3-4567-1234-123456789018}.Debug|Any CPU.Build.0 = Debug|Any CPU
		{B8C9D0E1-F2A3-4567-1234-123456789018}.Debug|x64.ActiveCfg = Debug|Any CPU
		{B8C9D0E1-F2A3-4567-1234-123456789018}.Debug|x64.Build.0 = Debug|Any CPU
		{B8C9D0E1-F2A3-4567-1234-123456789018}.Debug|x86.ActiveCfg = Debug|Any CPU
		{B8C9D0E1-F2A3-4567-1234-123456789018}.Debug|x86.Build.0 = Debug|Any CPU
		{B8C9D0E1-F2A3-4567-1234-123456789018}.Release|Any CPU.ActiveCfg = Release|Any CPU
		{B8C9D0E1-F2A3-4567-1234-123456789018}.Release|Any CPU.Build.0 = Release|Any CPU
		{B8C9D0E1-F2A3-4567-1234-123456789018}.Release|x64.ActiveCfg = Release|Any CPU
		{B8C9D0E1-F2A3-4567-1234-123456789018}.Release|x64.Build.0 = Release|Any CPU
		{B8C9D0E1-F2A3-4567-1234-123456789018}.Release|x86.ActiveCfg = Release|Any CPU
		{B8C9D0E1-F2A3-4567-1234-123456789018}.Release|x86.Build.0 = Release|Any CPU
		{C9D0E1F2-A3B4-5678-2345-123456789019}.Debug|Any CPU.ActiveCfg = Debug|Any CPU
		{C9D0E1F2-A3B4-5678-2345-123456789019}.Debug|Any CPU.Build.0 = Debug|Any CPU
		{C9D0E1F2-A3B4-5678-2345-123456789019}.Debug|x64.ActiveCfg = Debug|Any CPU
		{C9D0E1F2-A3B4-5678-2345-123456789019}.Debug|x64.Build.0 = Debug|Any CPU
		{C9D0E1F2-A3B4-5678-2345-123456789019}.Debug|x86.ActiveCfg = Debug|Any CPU
		{C9D0E1F2-A3B4-5678-2345-123456789019}.Debug|x86.Build.0 = Debug|Any CPU
		{C9D0E1F2-A3B4-5678-2345-123456789019}.Release|Any CPU.ActiveCfg = Release|Any CPU
		{C9D0E1F2-A3B4-5678-2345-123456789019}.Release|Any CPU.Build.0 = Release|Any CPU
		{C9D0E1F2-A3B4-5678-2345-123456789019}.Release|x64.ActiveCfg = Release|Any CPU
		{C9D0E1F2-A3B4-5678-2345-123456789019}.Release|x64.Build.0 = Release|Any CPU
		{C9D0E1F2-A3B4-5678-2345-123456789019}.Release|x86.ActiveCfg = Release|Any CPU
		{C9D0E1F2-A3B4-5678-2345-123456789019}.Release|x86.Build.0 = Release|Any CPU
		{D1E2F3A4-B5C6-7890-4567-123456789025}.Debug|Any CPU.ActiveCfg = Debug|Any CPU
		{D1E2F3A4-B5C6-7890-4567-123456789025}.Debug|Any CPU.Build.0 = Debug|Any CPU
		{D1E2F3A4-B5C6-7890-4567-123456789025}.Debug|x64.ActiveCfg = Debug|Any CPU
		{D1E2F3A4-B5C6-7890-4567-123456789025}.Debug|x64.Build.0 = Debug|Any CPU
		{D1E2F3A4-B5C6-7890-4567-123456789025}.Debug|x86.ActiveCfg = Debug|Any CPU
		{D1E2F3A4-B5C6-7890-4567-123456789025}.Debug|x86.Build.0 = Debug|Any CPU
		{D1E2F3A4-B5C6-7890-4567-123456789025}.Release|Any CPU.ActiveCfg = Release|Any CPU
		{D1E2F3A4-B5C6-7890-4567-123456789025}.Release|Any CPU.Build.0 = Release|Any CPU
		{D1E2F3A4-B5C6-7890-4567-123456789025}.Release|x64.ActiveCfg = Release|Any CPU
		{D1E2F3A4-B5C6-7890-4567-123456789025}.Release|x64.Build.0 = Release|Any CPU
		{D1E2F3A4-B5C6-7890-4567-123456789025}.Release|x86.ActiveCfg = Release|Any CPU
		{D1E2F3A4-B5C6-7890-4567-123456789025}.Release|x86.Build.0 = Release|Any CPU
		{D0E1F2A3-B4C5-6789-3456-123456789020}.Debug|Any CPU.ActiveCfg = Debug|Any CPU
		{D0E1F2A3-B4C5-6789-3456-123456789020}.Debug|Any CPU.Build.0 = Debug|Any CPU
		{D0E1F2A3-B4C5-6789-3456-123456789020}.Debug|x64.ActiveCfg = Debug|Any CPU
		{D0E1F2A3-B4C5-6789-3456-123456789020}.Debug|x64.Build.0 = Debug|Any CPU
		{D0E1F2A3-B4C5-6789-3456-123456789020}.Debug|x86.ActiveCfg = Debug|Any CPU
		{D0E1F2A3-B4C5-6789-3456-123456789020}.Debug|x86.Build.0 = Debug|Any CPU
		{D0E1F2A3-B4C5-6789-3456-123456789020}.Release|Any CPU.ActiveCfg = Release|Any CPU
		{D0E1F2A3-B4C5-6789-3456-123456789020}.Release|Any CPU.Build.0 = Release|Any CPU
		{D0E1F2A3-B4C5-6789-3456-123456789020}.Release|x64.ActiveCfg = Release|Any CPU
		{D0E1F2A3-B4C5-6789-3456-123456789020}.Release|x64.Build.0 = Release|Any CPU
		{D0E1F2A3-B4C5-6789-3456-123456789020}.Release|x86.ActiveCfg = Release|Any CPU
		{D0E1F2A3-B4C5-6789-3456-123456789020}.Release|x86.Build.0 = Release|Any CPU
		{E1F2A3B4-C5D6-7890-4567-123456789021}.Debug|Any CPU.ActiveCfg = Debug|Any CPU
		{E1F2A3B4-C5D6-7890-4567-123456789021}.Debug|Any CPU.Build.0 = Debug|Any CPU
		{E1F2A3B4-C5D6-7890-4567-123456789021}.Debug|x64.ActiveCfg = Debug|Any CPU
		{E1F2A3B4-C5D6-7890-4567-123456789021}.Debug|x64.Build.0 = Debug|Any CPU
		{E1F2A3B4-C5D6-7890-4567-123456789021}.Debug|x86.ActiveCfg = Debug|Any CPU
		{E1F2A3B4-C5D6-7890-4567-123456789021}.Debug|x86.Build.0 = Debug|Any CPU
		{E1F2A3B4-C5D6-7890-4567-123456789021}.Release|Any CPU.ActiveCfg = Release|Any CPU
		{E1F2A3B4-C5D6-7890-4567-123456789021}.Release|Any CPU.Build.0 = Release|Any CPU
		{E1F2A3B4-C5D6-7890-4567-123456789021}.Release|x64.ActiveCfg = Release|Any CPU
		{E1F2A3B4-C5D6-7890-4567-123456789021}.Release|x64.Build.0 = Release|Any CPU
		{E1F2A3B4-C5D6-7890-4567-123456789021}.Release|x86.ActiveCfg = Release|Any CPU
		{E1F2A3B4-C5D6-7890-4567-123456789021}.Release|x86.Build.0 = Release|Any CPU
		{A3B4C5D6-E7F8-9012-6789-123456789023}.Debug|Any CPU.ActiveCfg = Debug|Any CPU
		{A3B4C5D6-E7F8-9012-6789-123456789023}.Debug|Any CPU.Build.0 = Debug|Any CPU
		{A3B4C5D6-E7F8-9012-6789-123456789023}.Debug|x64.ActiveCfg = Debug|Any CPU
		{A3B4C5D6-E7F8-9012-6789-123456789023}.Debug|x64.Build.0 = Debug|Any CPU
		{A3B4C5D6-E7F8-9012-6789-123456789023}.Debug|x86.ActiveCfg = Debug|Any CPU
		{A3B4C5D6-E7F8-9012-6789-123456789023}.Debug|x86.Build.0 = Debug|Any CPU
		{A3B4C5D6-E7F8-9012-6789-123456789023}.Release|Any CPU.ActiveCfg = Release|Any CPU
		{A3B4C5D6-E7F8-9012-6789-123456789023}.Release|Any CPU.Build.0 = Release|Any CPU
		{A3B4C5D6-E7F8-9012-6789-123456789023}.Release|x64.ActiveCfg = Release|Any CPU
		{A3B4C5D6-E7F8-9012-6789-123456789023}.Release|x64.Build.0 = Release|Any CPU
		{A3B4C5D6-E7F8-9012-6789-123456789023}.Release|x86.ActiveCfg = Release|Any CPU
		{A3B4C5D6-E7F8-9012-6789-123456789023}.Release|x86.Build.0 = Release|Any CPU
		{B4C5D6E7-F8A9-0123-7890-123456789024}.Debug|Any CPU.ActiveCfg = Debug|Any CPU
		{B4C5D6E7-F8A9-0123-7890-123456789024}.Debug|Any CPU.Build.0 = Debug|Any CPU
		{B4C5D6E7-F8A9-0123-7890-123456789024}.Debug|x64.ActiveCfg = Debug|Any CPU
		{B4C5D6E7-F8A9-0123-7890-123456789024}.Debug|x64.Build.0 = Debug|Any CPU
		{B4C5D6E7-F8A9-0123-7890-123456789024}.Debug|x86.ActiveCfg = Debug|Any CPU
		{B4C5D6E7-F8A9-0123-7890-123456789024}.Debug|x86.Build.0 = Debug|Any CPU
		{B4C5D6E7-F8A9-0123-7890-123456789024}.Release|Any CPU.ActiveCfg = Release|Any CPU
		{B4C5D6E7-F8A9-0123-7890-123456789024}.Release|Any CPU.Build.0 = Release|Any CPU
		{B4C5D6E7-F8A9-0123-7890-123456789024}.Release|x64.ActiveCfg = Release|Any CPU
		{B4C5D6E7-F8A9-0123-7890-123456789024}.Release|x64.Build.0 = Release|Any CPU
		{B4C5D6E7-F8A9-0123-7890-123456789024}.Release|x86.ActiveCfg = Release|Any CPU
		{B4C5D6E7-F8A9-0123-7890-123456789024}.Release|x86.Build.0 = Release|Any CPU
		{429E8B33-0C9F-444D-85A0-ED88F8DB23AD}.Debug|Any CPU.ActiveCfg = Debug|Any CPU
		{429E8B33-0C9F-444D-85A0-ED88F8DB23AD}.Debug|Any CPU.Build.0 = Debug|Any CPU
		{429E8B33-0C9F-444D-85A0-ED88F8DB23AD}.Debug|x64.ActiveCfg = Debug|Any CPU
		{429E8B33-0C9F-444D-85A0-ED88F8DB23AD}.Debug|x64.Build.0 = Debug|Any CPU
		{429E8B33-0C9F-444D-85A0-ED88F8DB23AD}.Debug|x86.ActiveCfg = Debug|Any CPU
		{429E8B33-0C9F-444D-85A0-ED88F8DB23AD}.Debug|x86.Build.0 = Debug|Any CPU
		{429E8B33-0C9F-444D-85A0-ED88F8DB23AD}.Release|Any CPU.ActiveCfg = Release|Any CPU
		{429E8B33-0C9F-444D-85A0-ED88F8DB23AD}.Release|Any CPU.Build.0 = Release|Any CPU
		{429E8B33-0C9F-444D-85A0-ED88F8DB23AD}.Release|x64.ActiveCfg = Release|Any CPU
		{429E8B33-0C9F-444D-85A0-ED88F8DB23AD}.Release|x64.Build.0 = Release|Any CPU
		{429E8B33-0C9F-444D-85A0-ED88F8DB23AD}.Release|x86.ActiveCfg = Release|Any CPU
		{429E8B33-0C9F-444D-85A0-ED88F8DB23AD}.Release|x86.Build.0 = Release|Any CPU
		{41C3FBBE-BED4-4BFE-917E-6AD3B0F32886}.Debug|Any CPU.ActiveCfg = Debug|Any CPU
		{41C3FBBE-BED4-4BFE-917E-6AD3B0F32886}.Debug|Any CPU.Build.0 = Debug|Any CPU
		{41C3FBBE-BED4-4BFE-917E-6AD3B0F32886}.Debug|x64.ActiveCfg = Debug|Any CPU
		{41C3FBBE-BED4-4BFE-917E-6AD3B0F32886}.Debug|x64.Build.0 = Debug|Any CPU
		{41C3FBBE-BED4-4BFE-917E-6AD3B0F32886}.Debug|x86.ActiveCfg = Debug|Any CPU
		{41C3FBBE-BED4-4BFE-917E-6AD3B0F32886}.Debug|x86.Build.0 = Debug|Any CPU
		{41C3FBBE-BED4-4BFE-917E-6AD3B0F32886}.Release|Any CPU.ActiveCfg = Release|Any CPU
		{41C3FBBE-BED4-4BFE-917E-6AD3B0F32886}.Release|Any CPU.Build.0 = Release|Any CPU
		{41C3FBBE-BED4-4BFE-917E-6AD3B0F32886}.Release|x64.ActiveCfg = Release|Any CPU
		{41C3FBBE-BED4-4BFE-917E-6AD3B0F32886}.Release|x64.Build.0 = Release|Any CPU
		{41C3FBBE-BED4-4BFE-917E-6AD3B0F32886}.Release|x86.ActiveCfg = Release|Any CPU
		{41C3FBBE-BED4-4BFE-917E-6AD3B0F32886}.Release|x86.Build.0 = Release|Any CPU
		{7FC33D4A-C719-4F10-A037-D5DDF32DF008}.Debug|Any CPU.ActiveCfg = Debug|Any CPU
		{7FC33D4A-C719-4F10-A037-D5DDF32DF008}.Debug|Any CPU.Build.0 = Debug|Any CPU
		{7FC33D4A-C719-4F10-A037-D5DDF32DF008}.Debug|x64.ActiveCfg = Debug|Any CPU
		{7FC33D4A-C719-4F10-A037-D5DDF32DF008}.Debug|x64.Build.0 = Debug|Any CPU
		{7FC33D4A-C719-4F10-A037-D5DDF32DF008}.Debug|x86.ActiveCfg = Debug|Any CPU
		{7FC33D4A-C719-4F10-A037-D5DDF32DF008}.Debug|x86.Build.0 = Debug|Any CPU
		{7FC33D4A-C719-4F10-A037-D5DDF32DF008}.Release|Any CPU.ActiveCfg = Release|Any CPU
		{7FC33D4A-C719-4F10-A037-D5DDF32DF008}.Release|Any CPU.Build.0 = Release|Any CPU
		{7FC33D4A-C719-4F10-A037-D5DDF32DF008}.Release|x64.ActiveCfg = Release|Any CPU
		{7FC33D4A-C719-4F10-A037-D5DDF32DF008}.Release|x64.Build.0 = Release|Any CPU
		{7FC33D4A-C719-4F10-A037-D5DDF32DF008}.Release|x86.ActiveCfg = Release|Any CPU
		{7FC33D4A-C719-4F10-A037-D5DDF32DF008}.Release|x86.Build.0 = Release|Any CPU
		{9913B3D4-A44B-35CE-9801-176E505312A2}.Debug|Any CPU.ActiveCfg = Debug|Any CPU
		{9913B3D4-A44B-35CE-9801-176E505312A2}.Debug|Any CPU.Build.0 = Debug|Any CPU
		{9913B3D4-A44B-35CE-9801-176E505312A2}.Debug|x64.ActiveCfg = Debug|Any CPU
		{9913B3D4-A44B-35CE-9801-176E505312A2}.Debug|x64.Build.0 = Debug|Any CPU
		{9913B3D4-A44B-35CE-9801-176E505312A2}.Debug|x86.ActiveCfg = Debug|Any CPU
		{9913B3D4-A44B-35CE-9801-176E505312A2}.Debug|x86.Build.0 = Debug|Any CPU
		{9913B3D4-A44B-35CE-9801-176E505312A2}.Release|Any CPU.ActiveCfg = Release|Any CPU
		{9913B3D4-A44B-35CE-9801-176E505312A2}.Release|Any CPU.Build.0 = Release|Any CPU
		{9913B3D4-A44B-35CE-9801-176E505312A2}.Release|x64.ActiveCfg = Release|Any CPU
		{9913B3D4-A44B-35CE-9801-176E505312A2}.Release|x64.Build.0 = Release|Any CPU
		{9913B3D4-A44B-35CE-9801-176E505312A2}.Release|x86.ActiveCfg = Release|Any CPU
		{9913B3D4-A44B-35CE-9801-176E505312A2}.Release|x86.Build.0 = Release|Any CPU
		{766CFE9B-0E64-E0AD-197B-EA8A692E80DD}.Debug|Any CPU.ActiveCfg = Debug|Any CPU
		{766CFE9B-0E64-E0AD-197B-EA8A692E80DD}.Debug|Any CPU.Build.0 = Debug|Any CPU
		{766CFE9B-0E64-E0AD-197B-EA8A692E80DD}.Debug|x64.ActiveCfg = Debug|Any CPU
		{766CFE9B-0E64-E0AD-197B-EA8A692E80DD}.Debug|x64.Build.0 = Debug|Any CPU
		{766CFE9B-0E64-E0AD-197B-EA8A692E80DD}.Debug|x86.ActiveCfg = Debug|Any CPU
		{766CFE9B-0E64-E0AD-197B-EA8A692E80DD}.Debug|x86.Build.0 = Debug|Any CPU
		{766CFE9B-0E64-E0AD-197B-EA8A692E80DD}.Release|Any CPU.ActiveCfg = Release|Any CPU
		{766CFE9B-0E64-E0AD-197B-EA8A692E80DD}.Release|Any CPU.Build.0 = Release|Any CPU
		{766CFE9B-0E64-E0AD-197B-EA8A692E80DD}.Release|x64.ActiveCfg = Release|Any CPU
		{766CFE9B-0E64-E0AD-197B-EA8A692E80DD}.Release|x64.Build.0 = Release|Any CPU
		{766CFE9B-0E64-E0AD-197B-EA8A692E80DD}.Release|x86.ActiveCfg = Release|Any CPU
		{766CFE9B-0E64-E0AD-197B-EA8A692E80DD}.Release|x86.Build.0 = Release|Any CPU
		{186057A9-9B86-24DA-F131-3947A7565BB2}.Debug|Any CPU.ActiveCfg = Debug|Any CPU
		{186057A9-9B86-24DA-F131-3947A7565BB2}.Debug|Any CPU.Build.0 = Debug|Any CPU
		{186057A9-9B86-24DA-F131-3947A7565BB2}.Debug|x64.ActiveCfg = Debug|Any CPU
		{186057A9-9B86-24DA-F131-3947A7565BB2}.Debug|x64.Build.0 = Debug|Any CPU
		{186057A9-9B86-24DA-F131-3947A7565BB2}.Debug|x86.ActiveCfg = Debug|Any CPU
		{186057A9-9B86-24DA-F131-3947A7565BB2}.Debug|x86.Build.0 = Debug|Any CPU
		{186057A9-9B86-24DA-F131-3947A7565BB2}.Release|Any CPU.ActiveCfg = Release|Any CPU
		{186057A9-9B86-24DA-F131-3947A7565BB2}.Release|Any CPU.Build.0 = Release|Any CPU
		{186057A9-9B86-24DA-F131-3947A7565BB2}.Release|x64.ActiveCfg = Release|Any CPU
		{186057A9-9B86-24DA-F131-3947A7565BB2}.Release|x64.Build.0 = Release|Any CPU
		{186057A9-9B86-24DA-F131-3947A7565BB2}.Release|x86.ActiveCfg = Release|Any CPU
		{186057A9-9B86-24DA-F131-3947A7565BB2}.Release|x86.Build.0 = Release|Any CPU
		{C020333A-003E-FED6-A9EB-1EF11854BFB1}.Debug|Any CPU.ActiveCfg = Debug|Any CPU
		{C020333A-003E-FED6-A9EB-1EF11854BFB1}.Debug|Any CPU.Build.0 = Debug|Any CPU
		{C020333A-003E-FED6-A9EB-1EF11854BFB1}.Debug|x64.ActiveCfg = Debug|Any CPU
		{C020333A-003E-FED6-A9EB-1EF11854BFB1}.Debug|x64.Build.0 = Debug|Any CPU
		{C020333A-003E-FED6-A9EB-1EF11854BFB1}.Debug|x86.ActiveCfg = Debug|Any CPU
		{C020333A-003E-FED6-A9EB-1EF11854BFB1}.Debug|x86.Build.0 = Debug|Any CPU
		{C020333A-003E-FED6-A9EB-1EF11854BFB1}.Release|Any CPU.ActiveCfg = Release|Any CPU
		{C020333A-003E-FED6-A9EB-1EF11854BFB1}.Release|Any CPU.Build.0 = Release|Any CPU
		{C020333A-003E-FED6-A9EB-1EF11854BFB1}.Release|x64.ActiveCfg = Release|Any CPU
		{C020333A-003E-FED6-A9EB-1EF11854BFB1}.Release|x64.Build.0 = Release|Any CPU
		{C020333A-003E-FED6-A9EB-1EF11854BFB1}.Release|x86.ActiveCfg = Release|Any CPU
		{C020333A-003E-FED6-A9EB-1EF11854BFB1}.Release|x86.Build.0 = Release|Any CPU
		{EBF68D3B-7776-E1B2-14F5-BA9AC808BC0A}.Debug|Any CPU.ActiveCfg = Debug|Any CPU
		{EBF68D3B-7776-E1B2-14F5-BA9AC808BC0A}.Debug|Any CPU.Build.0 = Debug|Any CPU
		{EBF68D3B-7776-E1B2-14F5-BA9AC808BC0A}.Debug|x64.ActiveCfg = Debug|Any CPU
		{EBF68D3B-7776-E1B2-14F5-BA9AC808BC0A}.Debug|x64.Build.0 = Debug|Any CPU
		{EBF68D3B-7776-E1B2-14F5-BA9AC808BC0A}.Debug|x86.ActiveCfg = Debug|Any CPU
		{EBF68D3B-7776-E1B2-14F5-BA9AC808BC0A}.Debug|x86.Build.0 = Debug|Any CPU
		{EBF68D3B-7776-E1B2-14F5-BA9AC808BC0A}.Release|Any CPU.ActiveCfg = Release|Any CPU
		{EBF68D3B-7776-E1B2-14F5-BA9AC808BC0A}.Release|Any CPU.Build.0 = Release|Any CPU
		{EBF68D3B-7776-E1B2-14F5-BA9AC808BC0A}.Release|x64.ActiveCfg = Release|Any CPU
		{EBF68D3B-7776-E1B2-14F5-BA9AC808BC0A}.Release|x64.Build.0 = Release|Any CPU
		{EBF68D3B-7776-E1B2-14F5-BA9AC808BC0A}.Release|x86.ActiveCfg = Release|Any CPU
		{EBF68D3B-7776-E1B2-14F5-BA9AC808BC0A}.Release|x86.Build.0 = Release|Any CPU
		{441B3600-3A5A-F0AC-FD13-B134265E7709}.Debug|Any CPU.ActiveCfg = Debug|Any CPU
		{441B3600-3A5A-F0AC-FD13-B134265E7709}.Debug|Any CPU.Build.0 = Debug|Any CPU
		{441B3600-3A5A-F0AC-FD13-B134265E7709}.Debug|x64.ActiveCfg = Debug|Any CPU
		{441B3600-3A5A-F0AC-FD13-B134265E7709}.Debug|x64.Build.0 = Debug|Any CPU
		{441B3600-3A5A-F0AC-FD13-B134265E7709}.Debug|x86.ActiveCfg = Debug|Any CPU
		{441B3600-3A5A-F0AC-FD13-B134265E7709}.Debug|x86.Build.0 = Debug|Any CPU
		{441B3600-3A5A-F0AC-FD13-B134265E7709}.Release|Any CPU.ActiveCfg = Release|Any CPU
		{441B3600-3A5A-F0AC-FD13-B134265E7709}.Release|Any CPU.Build.0 = Release|Any CPU
		{441B3600-3A5A-F0AC-FD13-B134265E7709}.Release|x64.ActiveCfg = Release|Any CPU
		{441B3600-3A5A-F0AC-FD13-B134265E7709}.Release|x64.Build.0 = Release|Any CPU
		{441B3600-3A5A-F0AC-FD13-B134265E7709}.Release|x86.ActiveCfg = Release|Any CPU
		{441B3600-3A5A-F0AC-FD13-B134265E7709}.Release|x86.Build.0 = Release|Any CPU
		{625B268A-3E77-229C-35F0-598E52859439}.Debug|Any CPU.ActiveCfg = Debug|Any CPU
		{625B268A-3E77-229C-35F0-598E52859439}.Debug|Any CPU.Build.0 = Debug|Any CPU
		{625B268A-3E77-229C-35F0-598E52859439}.Debug|x64.ActiveCfg = Debug|Any CPU
		{625B268A-3E77-229C-35F0-598E52859439}.Debug|x64.Build.0 = Debug|Any CPU
		{625B268A-3E77-229C-35F0-598E52859439}.Debug|x86.ActiveCfg = Debug|Any CPU
		{625B268A-3E77-229C-35F0-598E52859439}.Debug|x86.Build.0 = Debug|Any CPU
		{625B268A-3E77-229C-35F0-598E52859439}.Release|Any CPU.ActiveCfg = Release|Any CPU
		{625B268A-3E77-229C-35F0-598E52859439}.Release|Any CPU.Build.0 = Release|Any CPU
		{625B268A-3E77-229C-35F0-598E52859439}.Release|x64.ActiveCfg = Release|Any CPU
		{625B268A-3E77-229C-35F0-598E52859439}.Release|x64.Build.0 = Release|Any CPU
		{625B268A-3E77-229C-35F0-598E52859439}.Release|x86.ActiveCfg = Release|Any CPU
		{625B268A-3E77-229C-35F0-598E52859439}.Release|x86.Build.0 = Release|Any CPU
		{AA73C313-69F3-4796-941C-4B1A8A9A87E0}.Debug|Any CPU.ActiveCfg = Debug|Any CPU
		{AA73C313-69F3-4796-941C-4B1A8A9A87E0}.Debug|Any CPU.Build.0 = Debug|Any CPU
		{AA73C313-69F3-4796-941C-4B1A8A9A87E0}.Debug|x64.ActiveCfg = Debug|Any CPU
		{AA73C313-69F3-4796-941C-4B1A8A9A87E0}.Debug|x64.Build.0 = Debug|Any CPU
		{AA73C313-69F3-4796-941C-4B1A8A9A87E0}.Debug|x86.ActiveCfg = Debug|Any CPU
		{AA73C313-69F3-4796-941C-4B1A8A9A87E0}.Debug|x86.Build.0 = Debug|Any CPU
		{AA73C313-69F3-4796-941C-4B1A8A9A87E0}.Release|Any CPU.ActiveCfg = Release|Any CPU
		{AA73C313-69F3-4796-941C-4B1A8A9A87E0}.Release|Any CPU.Build.0 = Release|Any CPU
		{AA73C313-69F3-4796-941C-4B1A8A9A87E0}.Release|x64.ActiveCfg = Release|Any CPU
		{AA73C313-69F3-4796-941C-4B1A8A9A87E0}.Release|x64.Build.0 = Release|Any CPU
		{AA73C313-69F3-4796-941C-4B1A8A9A87E0}.Release|x86.ActiveCfg = Release|Any CPU
		{AA73C313-69F3-4796-941C-4B1A8A9A87E0}.Release|x86.Build.0 = Release|Any CPU
		{C691DC1D-A708-4EBF-A334-6F626DFD205B}.Debug|Any CPU.ActiveCfg = Debug|Any CPU
		{C691DC1D-A708-4EBF-A334-6F626DFD205B}.Debug|Any CPU.Build.0 = Debug|Any CPU
		{C691DC1D-A708-4EBF-A334-6F626DFD205B}.Debug|x64.ActiveCfg = Debug|Any CPU
		{C691DC1D-A708-4EBF-A334-6F626DFD205B}.Debug|x64.Build.0 = Debug|Any CPU
		{C691DC1D-A708-4EBF-A334-6F626DFD205B}.Debug|x86.ActiveCfg = Debug|Any CPU
		{C691DC1D-A708-4EBF-A334-6F626DFD205B}.Debug|x86.Build.0 = Debug|Any CPU
		{C691DC1D-A708-4EBF-A334-6F626DFD205B}.Release|Any CPU.ActiveCfg = Release|Any CPU
		{C691DC1D-A708-4EBF-A334-6F626DFD205B}.Release|Any CPU.Build.0 = Release|Any CPU
		{C691DC1D-A708-4EBF-A334-6F626DFD205B}.Release|x64.ActiveCfg = Release|Any CPU
		{C691DC1D-A708-4EBF-A334-6F626DFD205B}.Release|x64.Build.0 = Release|Any CPU
		{C691DC1D-A708-4EBF-A334-6F626DFD205B}.Release|x86.ActiveCfg = Release|Any CPU
		{C691DC1D-A708-4EBF-A334-6F626DFD205B}.Release|x86.Build.0 = Release|Any CPU
		{D4F548BA-7DF5-41B7-93CC-6623C15065CD}.Debug|Any CPU.ActiveCfg = Debug|Any CPU
		{D4F548BA-7DF5-41B7-93CC-6623C15065CD}.Debug|Any CPU.Build.0 = Debug|Any CPU
		{D4F548BA-7DF5-41B7-93CC-6623C15065CD}.Debug|x64.ActiveCfg = Debug|Any CPU
		{D4F548BA-7DF5-41B7-93CC-6623C15065CD}.Debug|x64.Build.0 = Debug|Any CPU
		{D4F548BA-7DF5-41B7-93CC-6623C15065CD}.Debug|x86.ActiveCfg = Debug|Any CPU
		{D4F548BA-7DF5-41B7-93CC-6623C15065CD}.Debug|x86.Build.0 = Debug|Any CPU
		{D4F548BA-7DF5-41B7-93CC-6623C15065CD}.Release|Any CPU.ActiveCfg = Release|Any CPU
		{D4F548BA-7DF5-41B7-93CC-6623C15065CD}.Release|Any CPU.Build.0 = Release|Any CPU
		{D4F548BA-7DF5-41B7-93CC-6623C15065CD}.Release|x64.ActiveCfg = Release|Any CPU
		{D4F548BA-7DF5-41B7-93CC-6623C15065CD}.Release|x64.Build.0 = Release|Any CPU
		{D4F548BA-7DF5-41B7-93CC-6623C15065CD}.Release|x86.ActiveCfg = Release|Any CPU
		{D4F548BA-7DF5-41B7-93CC-6623C15065CD}.Release|x86.Build.0 = Release|Any CPU
		{3EF05B44-7AD1-4AEF-A839-03D1CD9433B2}.Debug|Any CPU.ActiveCfg = Debug|Any CPU
		{3EF05B44-7AD1-4AEF-A839-03D1CD9433B2}.Debug|Any CPU.Build.0 = Debug|Any CPU
		{3EF05B44-7AD1-4AEF-A839-03D1CD9433B2}.Debug|x64.ActiveCfg = Debug|Any CPU
		{3EF05B44-7AD1-4AEF-A839-03D1CD9433B2}.Debug|x64.Build.0 = Debug|Any CPU
		{3EF05B44-7AD1-4AEF-A839-03D1CD9433B2}.Debug|x86.ActiveCfg = Debug|Any CPU
		{3EF05B44-7AD1-4AEF-A839-03D1CD9433B2}.Debug|x86.Build.0 = Debug|Any CPU
		{3EF05B44-7AD1-4AEF-A839-03D1CD9433B2}.Release|Any CPU.ActiveCfg = Release|Any CPU
		{3EF05B44-7AD1-4AEF-A839-03D1CD9433B2}.Release|Any CPU.Build.0 = Release|Any CPU
		{3EF05B44-7AD1-4AEF-A839-03D1CD9433B2}.Release|x64.ActiveCfg = Release|Any CPU
		{3EF05B44-7AD1-4AEF-A839-03D1CD9433B2}.Release|x64.Build.0 = Release|Any CPU
		{3EF05B44-7AD1-4AEF-A839-03D1CD9433B2}.Release|x86.ActiveCfg = Release|Any CPU
		{3EF05B44-7AD1-4AEF-A839-03D1CD9433B2}.Release|x86.Build.0 = Release|Any CPU
		{06758EED-EFEA-4D3F-A6D1-9B3E22CD1C7F}.Debug|Any CPU.ActiveCfg = Debug|Any CPU
		{06758EED-EFEA-4D3F-A6D1-9B3E22CD1C7F}.Debug|Any CPU.Build.0 = Debug|Any CPU
		{06758EED-EFEA-4D3F-A6D1-9B3E22CD1C7F}.Debug|x64.ActiveCfg = Debug|Any CPU
		{06758EED-EFEA-4D3F-A6D1-9B3E22CD1C7F}.Debug|x64.Build.0 = Debug|Any CPU
		{06758EED-EFEA-4D3F-A6D1-9B3E22CD1C7F}.Debug|x86.ActiveCfg = Debug|Any CPU
		{06758EED-EFEA-4D3F-A6D1-9B3E22CD1C7F}.Debug|x86.Build.0 = Debug|Any CPU
		{06758EED-EFEA-4D3F-A6D1-9B3E22CD1C7F}.Release|Any CPU.ActiveCfg = Release|Any CPU
		{06758EED-EFEA-4D3F-A6D1-9B3E22CD1C7F}.Release|Any CPU.Build.0 = Release|Any CPU
		{06758EED-EFEA-4D3F-A6D1-9B3E22CD1C7F}.Release|x64.ActiveCfg = Release|Any CPU
		{06758EED-EFEA-4D3F-A6D1-9B3E22CD1C7F}.Release|x64.Build.0 = Release|Any CPU
		{06758EED-EFEA-4D3F-A6D1-9B3E22CD1C7F}.Release|x86.ActiveCfg = Release|Any CPU
		{06758EED-EFEA-4D3F-A6D1-9B3E22CD1C7F}.Release|x86.Build.0 = Release|Any CPU
		{C1ADC774-A9EC-4EC9-BAFC-17361E0535D6}.Debug|Any CPU.ActiveCfg = Debug|Any CPU
		{C1ADC774-A9EC-4EC9-BAFC-17361E0535D6}.Debug|Any CPU.Build.0 = Debug|Any CPU
		{C1ADC774-A9EC-4EC9-BAFC-17361E0535D6}.Debug|x64.ActiveCfg = Debug|Any CPU
		{C1ADC774-A9EC-4EC9-BAFC-17361E0535D6}.Debug|x64.Build.0 = Debug|Any CPU
		{C1ADC774-A9EC-4EC9-BAFC-17361E0535D6}.Debug|x86.ActiveCfg = Debug|Any CPU
		{C1ADC774-A9EC-4EC9-BAFC-17361E0535D6}.Debug|x86.Build.0 = Debug|Any CPU
		{C1ADC774-A9EC-4EC9-BAFC-17361E0535D6}.Release|Any CPU.ActiveCfg = Release|Any CPU
		{C1ADC774-A9EC-4EC9-BAFC-17361E0535D6}.Release|Any CPU.Build.0 = Release|Any CPU
		{C1ADC774-A9EC-4EC9-BAFC-17361E0535D6}.Release|x64.ActiveCfg = Release|Any CPU
		{C1ADC774-A9EC-4EC9-BAFC-17361E0535D6}.Release|x64.Build.0 = Release|Any CPU
		{C1ADC774-A9EC-4EC9-BAFC-17361E0535D6}.Release|x86.ActiveCfg = Release|Any CPU
		{C1ADC774-A9EC-4EC9-BAFC-17361E0535D6}.Release|x86.Build.0 = Release|Any CPU
		{BD98B205-BA35-4FFD-B04C-653F0C711322}.Debug|Any CPU.ActiveCfg = Debug|Any CPU
		{BD98B205-BA35-4FFD-B04C-653F0C711322}.Debug|Any CPU.Build.0 = Debug|Any CPU
		{BD98B205-BA35-4FFD-B04C-653F0C711322}.Debug|x64.ActiveCfg = Debug|Any CPU
		{BD98B205-BA35-4FFD-B04C-653F0C711322}.Debug|x64.Build.0 = Debug|Any CPU
		{BD98B205-BA35-4FFD-B04C-653F0C711322}.Debug|x86.ActiveCfg = Debug|Any CPU
		{BD98B205-BA35-4FFD-B04C-653F0C711322}.Debug|x86.Build.0 = Debug|Any CPU
		{BD98B205-BA35-4FFD-B04C-653F0C711322}.Release|Any CPU.ActiveCfg = Release|Any CPU
		{BD98B205-BA35-4FFD-B04C-653F0C711322}.Release|Any CPU.Build.0 = Release|Any CPU
		{BD98B205-BA35-4FFD-B04C-653F0C711322}.Release|x64.ActiveCfg = Release|Any CPU
		{BD98B205-BA35-4FFD-B04C-653F0C711322}.Release|x64.Build.0 = Release|Any CPU
		{BD98B205-BA35-4FFD-B04C-653F0C711322}.Release|x86.ActiveCfg = Release|Any CPU
		{BD98B205-BA35-4FFD-B04C-653F0C711322}.Release|x86.Build.0 = Release|Any CPU
		{1C8DB293-1FAB-441D-B85E-FBE905DFB0A3}.Debug|Any CPU.ActiveCfg = Debug|Any CPU
		{1C8DB293-1FAB-441D-B85E-FBE905DFB0A3}.Debug|Any CPU.Build.0 = Debug|Any CPU
		{1C8DB293-1FAB-441D-B85E-FBE905DFB0A3}.Debug|x64.ActiveCfg = Debug|Any CPU
		{1C8DB293-1FAB-441D-B85E-FBE905DFB0A3}.Debug|x64.Build.0 = Debug|Any CPU
		{1C8DB293-1FAB-441D-B85E-FBE905DFB0A3}.Debug|x86.ActiveCfg = Debug|Any CPU
		{1C8DB293-1FAB-441D-B85E-FBE905DFB0A3}.Debug|x86.Build.0 = Debug|Any CPU
		{1C8DB293-1FAB-441D-B85E-FBE905DFB0A3}.Release|Any CPU.ActiveCfg = Release|Any CPU
		{1C8DB293-1FAB-441D-B85E-FBE905DFB0A3}.Release|Any CPU.Build.0 = Release|Any CPU
		{1C8DB293-1FAB-441D-B85E-FBE905DFB0A3}.Release|x64.ActiveCfg = Release|Any CPU
		{1C8DB293-1FAB-441D-B85E-FBE905DFB0A3}.Release|x64.Build.0 = Release|Any CPU
		{1C8DB293-1FAB-441D-B85E-FBE905DFB0A3}.Release|x86.ActiveCfg = Release|Any CPU
		{1C8DB293-1FAB-441D-B85E-FBE905DFB0A3}.Release|x86.Build.0 = Release|Any CPU
		{90BF94CB-C1A5-45A1-95F4-9E6085D02CC4}.Debug|Any CPU.ActiveCfg = Debug|Any CPU
		{90BF94CB-C1A5-45A1-95F4-9E6085D02CC4}.Debug|Any CPU.Build.0 = Debug|Any CPU
		{90BF94CB-C1A5-45A1-95F4-9E6085D02CC4}.Debug|x64.ActiveCfg = Debug|Any CPU
		{90BF94CB-C1A5-45A1-95F4-9E6085D02CC4}.Debug|x64.Build.0 = Debug|Any CPU
		{90BF94CB-C1A5-45A1-95F4-9E6085D02CC4}.Debug|x86.ActiveCfg = Debug|Any CPU
		{90BF94CB-C1A5-45A1-95F4-9E6085D02CC4}.Debug|x86.Build.0 = Debug|Any CPU
		{90BF94CB-C1A5-45A1-95F4-9E6085D02CC4}.Release|Any CPU.ActiveCfg = Release|Any CPU
		{90BF94CB-C1A5-45A1-95F4-9E6085D02CC4}.Release|Any CPU.Build.0 = Release|Any CPU
		{90BF94CB-C1A5-45A1-95F4-9E6085D02CC4}.Release|x64.ActiveCfg = Release|Any CPU
		{90BF94CB-C1A5-45A1-95F4-9E6085D02CC4}.Release|x64.Build.0 = Release|Any CPU
		{90BF94CB-C1A5-45A1-95F4-9E6085D02CC4}.Release|x86.ActiveCfg = Release|Any CPU
		{90BF94CB-C1A5-45A1-95F4-9E6085D02CC4}.Release|x86.Build.0 = Release|Any CPU
		{53CA841F-A5DF-40EE-BE8F-ECEA84F64824}.Debug|Any CPU.ActiveCfg = Debug|Any CPU
		{53CA841F-A5DF-40EE-BE8F-ECEA84F64824}.Debug|Any CPU.Build.0 = Debug|Any CPU
		{53CA841F-A5DF-40EE-BE8F-ECEA84F64824}.Debug|x64.ActiveCfg = Debug|Any CPU
		{53CA841F-A5DF-40EE-BE8F-ECEA84F64824}.Debug|x64.Build.0 = Debug|Any CPU
		{53CA841F-A5DF-40EE-BE8F-ECEA84F64824}.Debug|x86.ActiveCfg = Debug|Any CPU
		{53CA841F-A5DF-40EE-BE8F-ECEA84F64824}.Debug|x86.Build.0 = Debug|Any CPU
		{53CA841F-A5DF-40EE-BE8F-ECEA84F64824}.Release|Any CPU.ActiveCfg = Release|Any CPU
		{53CA841F-A5DF-40EE-BE8F-ECEA84F64824}.Release|Any CPU.Build.0 = Release|Any CPU
		{53CA841F-A5DF-40EE-BE8F-ECEA84F64824}.Release|x64.ActiveCfg = Release|Any CPU
		{53CA841F-A5DF-40EE-BE8F-ECEA84F64824}.Release|x64.Build.0 = Release|Any CPU
		{53CA841F-A5DF-40EE-BE8F-ECEA84F64824}.Release|x86.ActiveCfg = Release|Any CPU
		{53CA841F-A5DF-40EE-BE8F-ECEA84F64824}.Release|x86.Build.0 = Release|Any CPU
		{00B238DC-4814-4114-AA43-11F9ED15F0D8}.Debug|Any CPU.ActiveCfg = Debug|Any CPU
		{00B238DC-4814-4114-AA43-11F9ED15F0D8}.Debug|Any CPU.Build.0 = Debug|Any CPU
		{00B238DC-4814-4114-AA43-11F9ED15F0D8}.Debug|x64.ActiveCfg = Debug|Any CPU
		{00B238DC-4814-4114-AA43-11F9ED15F0D8}.Debug|x64.Build.0 = Debug|Any CPU
		{00B238DC-4814-4114-AA43-11F9ED15F0D8}.Debug|x86.ActiveCfg = Debug|Any CPU
		{00B238DC-4814-4114-AA43-11F9ED15F0D8}.Debug|x86.Build.0 = Debug|Any CPU
		{00B238DC-4814-4114-AA43-11F9ED15F0D8}.Release|Any CPU.ActiveCfg = Release|Any CPU
		{00B238DC-4814-4114-AA43-11F9ED15F0D8}.Release|Any CPU.Build.0 = Release|Any CPU
		{00B238DC-4814-4114-AA43-11F9ED15F0D8}.Release|x64.ActiveCfg = Release|Any CPU
		{00B238DC-4814-4114-AA43-11F9ED15F0D8}.Release|x64.Build.0 = Release|Any CPU
		{00B238DC-4814-4114-AA43-11F9ED15F0D8}.Release|x86.ActiveCfg = Release|Any CPU
		{00B238DC-4814-4114-AA43-11F9ED15F0D8}.Release|x86.Build.0 = Release|Any CPU
		{ACFD2103-5210-4C8C-890D-FF50428B5492}.Debug|Any CPU.ActiveCfg = Debug|Any CPU
		{ACFD2103-5210-4C8C-890D-FF50428B5492}.Debug|Any CPU.Build.0 = Debug|Any CPU
		{ACFD2103-5210-4C8C-890D-FF50428B5492}.Debug|x64.ActiveCfg = Debug|Any CPU
		{ACFD2103-5210-4C8C-890D-FF50428B5492}.Debug|x64.Build.0 = Debug|Any CPU
		{ACFD2103-5210-4C8C-890D-FF50428B5492}.Debug|x86.ActiveCfg = Debug|Any CPU
		{ACFD2103-5210-4C8C-890D-FF50428B5492}.Debug|x86.Build.0 = Debug|Any CPU
		{ACFD2103-5210-4C8C-890D-FF50428B5492}.Release|Any CPU.ActiveCfg = Release|Any CPU
		{ACFD2103-5210-4C8C-890D-FF50428B5492}.Release|Any CPU.Build.0 = Release|Any CPU
		{ACFD2103-5210-4C8C-890D-FF50428B5492}.Release|x64.ActiveCfg = Release|Any CPU
		{ACFD2103-5210-4C8C-890D-FF50428B5492}.Release|x64.Build.0 = Release|Any CPU
		{ACFD2103-5210-4C8C-890D-FF50428B5492}.Release|x86.ActiveCfg = Release|Any CPU
		{ACFD2103-5210-4C8C-890D-FF50428B5492}.Release|x86.Build.0 = Release|Any CPU
		{B857C0F5-36E2-4559-920A-096DE0DAA165}.Debug|Any CPU.ActiveCfg = Debug|Any CPU
		{B857C0F5-36E2-4559-920A-096DE0DAA165}.Debug|Any CPU.Build.0 = Debug|Any CPU
		{B857C0F5-36E2-4559-920A-096DE0DAA165}.Debug|x64.ActiveCfg = Debug|Any CPU
		{B857C0F5-36E2-4559-920A-096DE0DAA165}.Debug|x64.Build.0 = Debug|Any CPU
		{B857C0F5-36E2-4559-920A-096DE0DAA165}.Debug|x86.ActiveCfg = Debug|Any CPU
		{B857C0F5-36E2-4559-920A-096DE0DAA165}.Debug|x86.Build.0 = Debug|Any CPU
		{B857C0F5-36E2-4559-920A-096DE0DAA165}.Release|Any CPU.ActiveCfg = Release|Any CPU
		{B857C0F5-36E2-4559-920A-096DE0DAA165}.Release|Any CPU.Build.0 = Release|Any CPU
		{B857C0F5-36E2-4559-920A-096DE0DAA165}.Release|x64.ActiveCfg = Release|Any CPU
		{B857C0F5-36E2-4559-920A-096DE0DAA165}.Release|x64.Build.0 = Release|Any CPU
		{B857C0F5-36E2-4559-920A-096DE0DAA165}.Release|x86.ActiveCfg = Release|Any CPU
		{B857C0F5-36E2-4559-920A-096DE0DAA165}.Release|x86.Build.0 = Release|Any CPU
		{29871E0B-64FE-4342-AFE3-A6BF477005BF}.Debug|Any CPU.ActiveCfg = Debug|Any CPU
		{29871E0B-64FE-4342-AFE3-A6BF477005BF}.Debug|Any CPU.Build.0 = Debug|Any CPU
		{29871E0B-64FE-4342-AFE3-A6BF477005BF}.Debug|x64.ActiveCfg = Debug|Any CPU
		{29871E0B-64FE-4342-AFE3-A6BF477005BF}.Debug|x64.Build.0 = Debug|Any CPU
		{29871E0B-64FE-4342-AFE3-A6BF477005BF}.Debug|x86.ActiveCfg = Debug|Any CPU
		{29871E0B-64FE-4342-AFE3-A6BF477005BF}.Debug|x86.Build.0 = Debug|Any CPU
		{29871E0B-64FE-4342-AFE3-A6BF477005BF}.Release|Any CPU.ActiveCfg = Release|Any CPU
		{29871E0B-64FE-4342-AFE3-A6BF477005BF}.Release|Any CPU.Build.0 = Release|Any CPU
		{29871E0B-64FE-4342-AFE3-A6BF477005BF}.Release|x64.ActiveCfg = Release|Any CPU
		{29871E0B-64FE-4342-AFE3-A6BF477005BF}.Release|x64.Build.0 = Release|Any CPU
		{29871E0B-64FE-4342-AFE3-A6BF477005BF}.Release|x86.ActiveCfg = Release|Any CPU
		{29871E0B-64FE-4342-AFE3-A6BF477005BF}.Release|x86.Build.0 = Release|Any CPU
		{47E3458B-376A-499C-A103-AF3BC00EF857}.Debug|Any CPU.ActiveCfg = Debug|Any CPU
		{47E3458B-376A-499C-A103-AF3BC00EF857}.Debug|Any CPU.Build.0 = Debug|Any CPU
		{47E3458B-376A-499C-A103-AF3BC00EF857}.Debug|x64.ActiveCfg = Debug|Any CPU
		{47E3458B-376A-499C-A103-AF3BC00EF857}.Debug|x64.Build.0 = Debug|Any CPU
		{47E3458B-376A-499C-A103-AF3BC00EF857}.Debug|x86.ActiveCfg = Debug|Any CPU
		{47E3458B-376A-499C-A103-AF3BC00EF857}.Debug|x86.Build.0 = Debug|Any CPU
		{47E3458B-376A-499C-A103-AF3BC00EF857}.Release|Any CPU.ActiveCfg = Release|Any CPU
		{47E3458B-376A-499C-A103-AF3BC00EF857}.Release|Any CPU.Build.0 = Release|Any CPU
		{47E3458B-376A-499C-A103-AF3BC00EF857}.Release|x64.ActiveCfg = Release|Any CPU
		{47E3458B-376A-499C-A103-AF3BC00EF857}.Release|x64.Build.0 = Release|Any CPU
		{47E3458B-376A-499C-A103-AF3BC00EF857}.Release|x86.ActiveCfg = Release|Any CPU
		{47E3458B-376A-499C-A103-AF3BC00EF857}.Release|x86.Build.0 = Release|Any CPU
		{C5FA7233-FB30-43B6-8304-93E7F474255B}.Debug|Any CPU.ActiveCfg = Debug|Any CPU
		{C5FA7233-FB30-43B6-8304-93E7F474255B}.Debug|Any CPU.Build.0 = Debug|Any CPU
		{C5FA7233-FB30-43B6-8304-93E7F474255B}.Debug|x64.ActiveCfg = Debug|Any CPU
		{C5FA7233-FB30-43B6-8304-93E7F474255B}.Debug|x64.Build.0 = Debug|Any CPU
		{C5FA7233-FB30-43B6-8304-93E7F474255B}.Debug|x86.ActiveCfg = Debug|Any CPU
		{C5FA7233-FB30-43B6-8304-93E7F474255B}.Debug|x86.Build.0 = Debug|Any CPU
		{C5FA7233-FB30-43B6-8304-93E7F474255B}.Release|Any CPU.ActiveCfg = Release|Any CPU
		{C5FA7233-FB30-43B6-8304-93E7F474255B}.Release|Any CPU.Build.0 = Release|Any CPU
		{C5FA7233-FB30-43B6-8304-93E7F474255B}.Release|x64.ActiveCfg = Release|Any CPU
		{C5FA7233-FB30-43B6-8304-93E7F474255B}.Release|x64.Build.0 = Release|Any CPU
		{C5FA7233-FB30-43B6-8304-93E7F474255B}.Release|x86.ActiveCfg = Release|Any CPU
		{C5FA7233-FB30-43B6-8304-93E7F474255B}.Release|x86.Build.0 = Release|Any CPU
		{C3988608-4438-44EE-81D3-002A1FE486B8}.Debug|Any CPU.ActiveCfg = Debug|Any CPU
		{C3988608-4438-44EE-81D3-002A1FE486B8}.Debug|Any CPU.Build.0 = Debug|Any CPU
		{C3988608-4438-44EE-81D3-002A1FE486B8}.Debug|x64.ActiveCfg = Debug|Any CPU
		{C3988608-4438-44EE-81D3-002A1FE486B8}.Debug|x64.Build.0 = Debug|Any CPU
		{C3988608-4438-44EE-81D3-002A1FE486B8}.Debug|x86.ActiveCfg = Debug|Any CPU
		{C3988608-4438-44EE-81D3-002A1FE486B8}.Debug|x86.Build.0 = Debug|Any CPU
		{C3988608-4438-44EE-81D3-002A1FE486B8}.Release|Any CPU.ActiveCfg = Release|Any CPU
		{C3988608-4438-44EE-81D3-002A1FE486B8}.Release|Any CPU.Build.0 = Release|Any CPU
		{C3988608-4438-44EE-81D3-002A1FE486B8}.Release|x64.ActiveCfg = Release|Any CPU
		{C3988608-4438-44EE-81D3-002A1FE486B8}.Release|x64.Build.0 = Release|Any CPU
		{C3988608-4438-44EE-81D3-002A1FE486B8}.Release|x86.ActiveCfg = Release|Any CPU
		{C3988608-4438-44EE-81D3-002A1FE486B8}.Release|x86.Build.0 = Release|Any CPU
		{42F1C94F-5ACE-47C4-8726-2BA2E4B4B520}.Debug|Any CPU.ActiveCfg = Debug|Any CPU
		{42F1C94F-5ACE-47C4-8726-2BA2E4B4B520}.Debug|Any CPU.Build.0 = Debug|Any CPU
		{42F1C94F-5ACE-47C4-8726-2BA2E4B4B520}.Debug|x64.ActiveCfg = Debug|Any CPU
		{42F1C94F-5ACE-47C4-8726-2BA2E4B4B520}.Debug|x64.Build.0 = Debug|Any CPU
		{42F1C94F-5ACE-47C4-8726-2BA2E4B4B520}.Debug|x86.ActiveCfg = Debug|Any CPU
		{42F1C94F-5ACE-47C4-8726-2BA2E4B4B520}.Debug|x86.Build.0 = Debug|Any CPU
		{42F1C94F-5ACE-47C4-8726-2BA2E4B4B520}.Release|Any CPU.ActiveCfg = Release|Any CPU
		{42F1C94F-5ACE-47C4-8726-2BA2E4B4B520}.Release|Any CPU.Build.0 = Release|Any CPU
		{42F1C94F-5ACE-47C4-8726-2BA2E4B4B520}.Release|x64.ActiveCfg = Release|Any CPU
		{42F1C94F-5ACE-47C4-8726-2BA2E4B4B520}.Release|x64.Build.0 = Release|Any CPU
		{42F1C94F-5ACE-47C4-8726-2BA2E4B4B520}.Release|x86.ActiveCfg = Release|Any CPU
		{42F1C94F-5ACE-47C4-8726-2BA2E4B4B520}.Release|x86.Build.0 = Release|Any CPU
		{7723370F-A28C-455E-A63D-4391079C2891}.Debug|Any CPU.ActiveCfg = Debug|Any CPU
		{7723370F-A28C-455E-A63D-4391079C2891}.Debug|Any CPU.Build.0 = Debug|Any CPU
		{7723370F-A28C-455E-A63D-4391079C2891}.Debug|x64.ActiveCfg = Debug|Any CPU
		{7723370F-A28C-455E-A63D-4391079C2891}.Debug|x64.Build.0 = Debug|Any CPU
		{7723370F-A28C-455E-A63D-4391079C2891}.Debug|x86.ActiveCfg = Debug|Any CPU
		{7723370F-A28C-455E-A63D-4391079C2891}.Debug|x86.Build.0 = Debug|Any CPU
		{7723370F-A28C-455E-A63D-4391079C2891}.Release|Any CPU.ActiveCfg = Release|Any CPU
		{7723370F-A28C-455E-A63D-4391079C2891}.Release|Any CPU.Build.0 = Release|Any CPU
		{7723370F-A28C-455E-A63D-4391079C2891}.Release|x64.ActiveCfg = Release|Any CPU
		{7723370F-A28C-455E-A63D-4391079C2891}.Release|x64.Build.0 = Release|Any CPU
		{7723370F-A28C-455E-A63D-4391079C2891}.Release|x86.ActiveCfg = Release|Any CPU
		{7723370F-A28C-455E-A63D-4391079C2891}.Release|x86.Build.0 = Release|Any CPU
		{ABA5D29D-B2CB-4422-8602-4A288FBB0534}.Debug|Any CPU.ActiveCfg = Debug|Any CPU
		{ABA5D29D-B2CB-4422-8602-4A288FBB0534}.Debug|Any CPU.Build.0 = Debug|Any CPU
		{ABA5D29D-B2CB-4422-8602-4A288FBB0534}.Debug|x64.ActiveCfg = Debug|Any CPU
		{ABA5D29D-B2CB-4422-8602-4A288FBB0534}.Debug|x64.Build.0 = Debug|Any CPU
		{ABA5D29D-B2CB-4422-8602-4A288FBB0534}.Debug|x86.ActiveCfg = Debug|Any CPU
		{ABA5D29D-B2CB-4422-8602-4A288FBB0534}.Debug|x86.Build.0 = Debug|Any CPU
		{ABA5D29D-B2CB-4422-8602-4A288FBB0534}.Release|Any CPU.ActiveCfg = Release|Any CPU
		{ABA5D29D-B2CB-4422-8602-4A288FBB0534}.Release|Any CPU.Build.0 = Release|Any CPU
		{ABA5D29D-B2CB-4422-8602-4A288FBB0534}.Release|x64.ActiveCfg = Release|Any CPU
		{ABA5D29D-B2CB-4422-8602-4A288FBB0534}.Release|x64.Build.0 = Release|Any CPU
		{ABA5D29D-B2CB-4422-8602-4A288FBB0534}.Release|x86.ActiveCfg = Release|Any CPU
		{ABA5D29D-B2CB-4422-8602-4A288FBB0534}.Release|x86.Build.0 = Release|Any CPU
		{F0CDAFAF-7CF4-4370-8CF2-30B36E3652FC}.Debug|Any CPU.ActiveCfg = Debug|Any CPU
		{F0CDAFAF-7CF4-4370-8CF2-30B36E3652FC}.Debug|Any CPU.Build.0 = Debug|Any CPU
		{F0CDAFAF-7CF4-4370-8CF2-30B36E3652FC}.Debug|x64.ActiveCfg = Debug|Any CPU
		{F0CDAFAF-7CF4-4370-8CF2-30B36E3652FC}.Debug|x64.Build.0 = Debug|Any CPU
		{F0CDAFAF-7CF4-4370-8CF2-30B36E3652FC}.Debug|x86.ActiveCfg = Debug|Any CPU
		{F0CDAFAF-7CF4-4370-8CF2-30B36E3652FC}.Debug|x86.Build.0 = Debug|Any CPU
		{F0CDAFAF-7CF4-4370-8CF2-30B36E3652FC}.Release|Any CPU.ActiveCfg = Release|Any CPU
		{F0CDAFAF-7CF4-4370-8CF2-30B36E3652FC}.Release|Any CPU.Build.0 = Release|Any CPU
		{F0CDAFAF-7CF4-4370-8CF2-30B36E3652FC}.Release|x64.ActiveCfg = Release|Any CPU
		{F0CDAFAF-7CF4-4370-8CF2-30B36E3652FC}.Release|x64.Build.0 = Release|Any CPU
		{F0CDAFAF-7CF4-4370-8CF2-30B36E3652FC}.Release|x86.ActiveCfg = Release|Any CPU
		{F0CDAFAF-7CF4-4370-8CF2-30B36E3652FC}.Release|x86.Build.0 = Release|Any CPU
		{A55CB4D3-2763-4353-A641-4D3C5D9EA80A}.Debug|Any CPU.ActiveCfg = Debug|Any CPU
		{A55CB4D3-2763-4353-A641-4D3C5D9EA80A}.Debug|Any CPU.Build.0 = Debug|Any CPU
		{A55CB4D3-2763-4353-A641-4D3C5D9EA80A}.Debug|x64.ActiveCfg = Debug|Any CPU
		{A55CB4D3-2763-4353-A641-4D3C5D9EA80A}.Debug|x64.Build.0 = Debug|Any CPU
		{A55CB4D3-2763-4353-A641-4D3C5D9EA80A}.Debug|x86.ActiveCfg = Debug|Any CPU
		{A55CB4D3-2763-4353-A641-4D3C5D9EA80A}.Debug|x86.Build.0 = Debug|Any CPU
		{A55CB4D3-2763-4353-A641-4D3C5D9EA80A}.Release|Any CPU.ActiveCfg = Release|Any CPU
		{A55CB4D3-2763-4353-A641-4D3C5D9EA80A}.Release|Any CPU.Build.0 = Release|Any CPU
		{A55CB4D3-2763-4353-A641-4D3C5D9EA80A}.Release|x64.ActiveCfg = Release|Any CPU
		{A55CB4D3-2763-4353-A641-4D3C5D9EA80A}.Release|x64.Build.0 = Release|Any CPU
		{A55CB4D3-2763-4353-A641-4D3C5D9EA80A}.Release|x86.ActiveCfg = Release|Any CPU
		{A55CB4D3-2763-4353-A641-4D3C5D9EA80A}.Release|x86.Build.0 = Release|Any CPU
		{2288A3D1-D5B0-4170-9A7D-0C701F06C649}.Debug|Any CPU.ActiveCfg = Debug|Any CPU
		{2288A3D1-D5B0-4170-9A7D-0C701F06C649}.Debug|Any CPU.Build.0 = Debug|Any CPU
		{2288A3D1-D5B0-4170-9A7D-0C701F06C649}.Debug|x64.ActiveCfg = Debug|Any CPU
		{2288A3D1-D5B0-4170-9A7D-0C701F06C649}.Debug|x64.Build.0 = Debug|Any CPU
		{2288A3D1-D5B0-4170-9A7D-0C701F06C649}.Debug|x86.ActiveCfg = Debug|Any CPU
		{2288A3D1-D5B0-4170-9A7D-0C701F06C649}.Debug|x86.Build.0 = Debug|Any CPU
		{2288A3D1-D5B0-4170-9A7D-0C701F06C649}.Release|Any CPU.ActiveCfg = Release|Any CPU
		{2288A3D1-D5B0-4170-9A7D-0C701F06C649}.Release|Any CPU.Build.0 = Release|Any CPU
		{2288A3D1-D5B0-4170-9A7D-0C701F06C649}.Release|x64.ActiveCfg = Release|Any CPU
		{2288A3D1-D5B0-4170-9A7D-0C701F06C649}.Release|x64.Build.0 = Release|Any CPU
		{2288A3D1-D5B0-4170-9A7D-0C701F06C649}.Release|x86.ActiveCfg = Release|Any CPU
		{2288A3D1-D5B0-4170-9A7D-0C701F06C649}.Release|x86.Build.0 = Release|Any CPU
		{2681C80F-C497-42F6-81F4-8F9BB898325C}.Debug|Any CPU.ActiveCfg = Debug|Any CPU
		{2681C80F-C497-42F6-81F4-8F9BB898325C}.Debug|Any CPU.Build.0 = Debug|Any CPU
		{2681C80F-C497-42F6-81F4-8F9BB898325C}.Debug|x64.ActiveCfg = Debug|Any CPU
		{2681C80F-C497-42F6-81F4-8F9BB898325C}.Debug|x64.Build.0 = Debug|Any CPU
		{2681C80F-C497-42F6-81F4-8F9BB898325C}.Debug|x86.ActiveCfg = Debug|Any CPU
		{2681C80F-C497-42F6-81F4-8F9BB898325C}.Debug|x86.Build.0 = Debug|Any CPU
		{2681C80F-C497-42F6-81F4-8F9BB898325C}.Release|Any CPU.ActiveCfg = Release|Any CPU
		{2681C80F-C497-42F6-81F4-8F9BB898325C}.Release|Any CPU.Build.0 = Release|Any CPU
		{2681C80F-C497-42F6-81F4-8F9BB898325C}.Release|x64.ActiveCfg = Release|Any CPU
		{2681C80F-C497-42F6-81F4-8F9BB898325C}.Release|x64.Build.0 = Release|Any CPU
		{2681C80F-C497-42F6-81F4-8F9BB898325C}.Release|x86.ActiveCfg = Release|Any CPU
		{2681C80F-C497-42F6-81F4-8F9BB898325C}.Release|x86.Build.0 = Release|Any CPU
		{B1E84302-17E6-4AE2-AD24-2DD79F4B60F6}.Debug|Any CPU.ActiveCfg = Debug|Any CPU
		{B1E84302-17E6-4AE2-AD24-2DD79F4B60F6}.Debug|Any CPU.Build.0 = Debug|Any CPU
		{B1E84302-17E6-4AE2-AD24-2DD79F4B60F6}.Debug|x64.ActiveCfg = Debug|Any CPU
		{B1E84302-17E6-4AE2-AD24-2DD79F4B60F6}.Debug|x64.Build.0 = Debug|Any CPU
		{B1E84302-17E6-4AE2-AD24-2DD79F4B60F6}.Debug|x86.ActiveCfg = Debug|Any CPU
		{B1E84302-17E6-4AE2-AD24-2DD79F4B60F6}.Debug|x86.Build.0 = Debug|Any CPU
		{B1E84302-17E6-4AE2-AD24-2DD79F4B60F6}.Release|Any CPU.ActiveCfg = Release|Any CPU
		{B1E84302-17E6-4AE2-AD24-2DD79F4B60F6}.Release|Any CPU.Build.0 = Release|Any CPU
		{B1E84302-17E6-4AE2-AD24-2DD79F4B60F6}.Release|x64.ActiveCfg = Release|Any CPU
		{B1E84302-17E6-4AE2-AD24-2DD79F4B60F6}.Release|x64.Build.0 = Release|Any CPU
		{B1E84302-17E6-4AE2-AD24-2DD79F4B60F6}.Release|x86.ActiveCfg = Release|Any CPU
		{B1E84302-17E6-4AE2-AD24-2DD79F4B60F6}.Release|x86.Build.0 = Release|Any CPU
		{D13E52C5-84A9-43EF-B6A1-DA95D6D22586}.Debug|Any CPU.ActiveCfg = Debug|Any CPU
		{D13E52C5-84A9-43EF-B6A1-DA95D6D22586}.Debug|Any CPU.Build.0 = Debug|Any CPU
		{D13E52C5-84A9-43EF-B6A1-DA95D6D22586}.Debug|x64.ActiveCfg = Debug|Any CPU
		{D13E52C5-84A9-43EF-B6A1-DA95D6D22586}.Debug|x64.Build.0 = Debug|Any CPU
		{D13E52C5-84A9-43EF-B6A1-DA95D6D22586}.Debug|x86.ActiveCfg = Debug|Any CPU
		{D13E52C5-84A9-43EF-B6A1-DA95D6D22586}.Debug|x86.Build.0 = Debug|Any CPU
		{D13E52C5-84A9-43EF-B6A1-DA95D6D22586}.Release|Any CPU.ActiveCfg = Release|Any CPU
		{D13E52C5-84A9-43EF-B6A1-DA95D6D22586}.Release|Any CPU.Build.0 = Release|Any CPU
		{D13E52C5-84A9-43EF-B6A1-DA95D6D22586}.Release|x64.ActiveCfg = Release|Any CPU
		{D13E52C5-84A9-43EF-B6A1-DA95D6D22586}.Release|x64.Build.0 = Release|Any CPU
		{D13E52C5-84A9-43EF-B6A1-DA95D6D22586}.Release|x86.ActiveCfg = Release|Any CPU
		{D13E52C5-84A9-43EF-B6A1-DA95D6D22586}.Release|x86.Build.0 = Release|Any CPU
		{C63CCE8D-FF72-1136-0C38-71160025B359}.Debug|Any CPU.ActiveCfg = Debug|Any CPU
		{C63CCE8D-FF72-1136-0C38-71160025B359}.Debug|Any CPU.Build.0 = Debug|Any CPU
		{C63CCE8D-FF72-1136-0C38-71160025B359}.Debug|x64.ActiveCfg = Debug|Any CPU
		{C63CCE8D-FF72-1136-0C38-71160025B359}.Debug|x64.Build.0 = Debug|Any CPU
		{C63CCE8D-FF72-1136-0C38-71160025B359}.Debug|x86.ActiveCfg = Debug|Any CPU
		{C63CCE8D-FF72-1136-0C38-71160025B359}.Debug|x86.Build.0 = Debug|Any CPU
		{C63CCE8D-FF72-1136-0C38-71160025B359}.Release|Any CPU.ActiveCfg = Release|Any CPU
		{C63CCE8D-FF72-1136-0C38-71160025B359}.Release|Any CPU.Build.0 = Release|Any CPU
		{C63CCE8D-FF72-1136-0C38-71160025B359}.Release|x64.ActiveCfg = Release|Any CPU
		{C63CCE8D-FF72-1136-0C38-71160025B359}.Release|x64.Build.0 = Release|Any CPU
		{C63CCE8D-FF72-1136-0C38-71160025B359}.Release|x86.ActiveCfg = Release|Any CPU
		{C63CCE8D-FF72-1136-0C38-71160025B359}.Release|x86.Build.0 = Release|Any CPU
		{042933E6-36B1-808F-ABE4-2E07E6DF4367}.Debug|Any CPU.ActiveCfg = Debug|Any CPU
		{042933E6-36B1-808F-ABE4-2E07E6DF4367}.Debug|Any CPU.Build.0 = Debug|Any CPU
		{042933E6-36B1-808F-ABE4-2E07E6DF4367}.Debug|x64.ActiveCfg = Debug|Any CPU
		{042933E6-36B1-808F-ABE4-2E07E6DF4367}.Debug|x64.Build.0 = Debug|Any CPU
		{042933E6-36B1-808F-ABE4-2E07E6DF4367}.Debug|x86.ActiveCfg = Debug|Any CPU
		{042933E6-36B1-808F-ABE4-2E07E6DF4367}.Debug|x86.Build.0 = Debug|Any CPU
		{042933E6-36B1-808F-ABE4-2E07E6DF4367}.Release|Any CPU.ActiveCfg = Release|Any CPU
		{042933E6-36B1-808F-ABE4-2E07E6DF4367}.Release|Any CPU.Build.0 = Release|Any CPU
		{042933E6-36B1-808F-ABE4-2E07E6DF4367}.Release|x64.ActiveCfg = Release|Any CPU
		{042933E6-36B1-808F-ABE4-2E07E6DF4367}.Release|x64.Build.0 = Release|Any CPU
		{042933E6-36B1-808F-ABE4-2E07E6DF4367}.Release|x86.ActiveCfg = Release|Any CPU
		{042933E6-36B1-808F-ABE4-2E07E6DF4367}.Release|x86.Build.0 = Release|Any CPU
		{8A649EF7-6629-B385-8969-D9D26A5DD91B}.Debug|Any CPU.ActiveCfg = Debug|Any CPU
		{8A649EF7-6629-B385-8969-D9D26A5DD91B}.Debug|Any CPU.Build.0 = Debug|Any CPU
		{8A649EF7-6629-B385-8969-D9D26A5DD91B}.Debug|x64.ActiveCfg = Debug|Any CPU
		{8A649EF7-6629-B385-8969-D9D26A5DD91B}.Debug|x64.Build.0 = Debug|Any CPU
		{8A649EF7-6629-B385-8969-D9D26A5DD91B}.Debug|x86.ActiveCfg = Debug|Any CPU
		{8A649EF7-6629-B385-8969-D9D26A5DD91B}.Debug|x86.Build.0 = Debug|Any CPU
		{8A649EF7-6629-B385-8969-D9D26A5DD91B}.Release|Any CPU.ActiveCfg = Release|Any CPU
		{8A649EF7-6629-B385-8969-D9D26A5DD91B}.Release|Any CPU.Build.0 = Release|Any CPU
		{8A649EF7-6629-B385-8969-D9D26A5DD91B}.Release|x64.ActiveCfg = Release|Any CPU
		{8A649EF7-6629-B385-8969-D9D26A5DD91B}.Release|x64.Build.0 = Release|Any CPU
		{8A649EF7-6629-B385-8969-D9D26A5DD91B}.Release|x86.ActiveCfg = Release|Any CPU
		{8A649EF7-6629-B385-8969-D9D26A5DD91B}.Release|x86.Build.0 = Release|Any CPU
		{CFBAFF3A-A935-9660-C38E-41B96991BB48}.Debug|Any CPU.ActiveCfg = Debug|Any CPU
		{CFBAFF3A-A935-9660-C38E-41B96991BB48}.Debug|Any CPU.Build.0 = Debug|Any CPU
		{CFBAFF3A-A935-9660-C38E-41B96991BB48}.Debug|x64.ActiveCfg = Debug|Any CPU
		{CFBAFF3A-A935-9660-C38E-41B96991BB48}.Debug|x64.Build.0 = Debug|Any CPU
		{CFBAFF3A-A935-9660-C38E-41B96991BB48}.Debug|x86.ActiveCfg = Debug|Any CPU
		{CFBAFF3A-A935-9660-C38E-41B96991BB48}.Debug|x86.Build.0 = Debug|Any CPU
		{CFBAFF3A-A935-9660-C38E-41B96991BB48}.Release|Any CPU.ActiveCfg = Release|Any CPU
		{CFBAFF3A-A935-9660-C38E-41B96991BB48}.Release|Any CPU.Build.0 = Release|Any CPU
		{CFBAFF3A-A935-9660-C38E-41B96991BB48}.Release|x64.ActiveCfg = Release|Any CPU
		{CFBAFF3A-A935-9660-C38E-41B96991BB48}.Release|x64.Build.0 = Release|Any CPU
		{CFBAFF3A-A935-9660-C38E-41B96991BB48}.Release|x86.ActiveCfg = Release|Any CPU
		{CFBAFF3A-A935-9660-C38E-41B96991BB48}.Release|x86.Build.0 = Release|Any CPU
		{03EDAA35-643A-4E23-96A2-ACD2228F9930}.Debug|Any CPU.ActiveCfg = Debug|Any CPU
		{03EDAA35-643A-4E23-96A2-ACD2228F9930}.Debug|Any CPU.Build.0 = Debug|Any CPU
		{03EDAA35-643A-4E23-96A2-ACD2228F9930}.Debug|x64.ActiveCfg = Debug|Any CPU
		{03EDAA35-643A-4E23-96A2-ACD2228F9930}.Debug|x64.Build.0 = Debug|Any CPU
		{03EDAA35-643A-4E23-96A2-ACD2228F9930}.Debug|x86.ActiveCfg = Debug|Any CPU
		{03EDAA35-643A-4E23-96A2-ACD2228F9930}.Debug|x86.Build.0 = Debug|Any CPU
		{03EDAA35-643A-4E23-96A2-ACD2228F9930}.Release|Any CPU.ActiveCfg = Release|Any CPU
		{03EDAA35-643A-4E23-96A2-ACD2228F9930}.Release|Any CPU.Build.0 = Release|Any CPU
		{03EDAA35-643A-4E23-96A2-ACD2228F9930}.Release|x64.ActiveCfg = Release|Any CPU
		{03EDAA35-643A-4E23-96A2-ACD2228F9930}.Release|x64.Build.0 = Release|Any CPU
		{03EDAA35-643A-4E23-96A2-ACD2228F9930}.Release|x86.ActiveCfg = Release|Any CPU
		{03EDAA35-643A-4E23-96A2-ACD2228F9930}.Release|x86.Build.0 = Release|Any CPU
		{9DDB2A5E-6FD7-4792-A500-6EF04082211F}.Debug|Any CPU.ActiveCfg = Debug|Any CPU
		{9DDB2A5E-6FD7-4792-A500-6EF04082211F}.Debug|Any CPU.Build.0 = Debug|Any CPU
		{9DDB2A5E-6FD7-4792-A500-6EF04082211F}.Debug|x64.ActiveCfg = Debug|Any CPU
		{9DDB2A5E-6FD7-4792-A500-6EF04082211F}.Debug|x64.Build.0 = Debug|Any CPU
		{9DDB2A5E-6FD7-4792-A500-6EF04082211F}.Debug|x86.ActiveCfg = Debug|Any CPU
		{9DDB2A5E-6FD7-4792-A500-6EF04082211F}.Debug|x86.Build.0 = Debug|Any CPU
		{9DDB2A5E-6FD7-4792-A500-6EF04082211F}.Release|Any CPU.ActiveCfg = Release|Any CPU
		{9DDB2A5E-6FD7-4792-A500-6EF04082211F}.Release|Any CPU.Build.0 = Release|Any CPU
		{9DDB2A5E-6FD7-4792-A500-6EF04082211F}.Release|x64.ActiveCfg = Release|Any CPU
		{9DDB2A5E-6FD7-4792-A500-6EF04082211F}.Release|x64.Build.0 = Release|Any CPU
		{9DDB2A5E-6FD7-4792-A500-6EF04082211F}.Release|x86.ActiveCfg = Release|Any CPU
		{9DDB2A5E-6FD7-4792-A500-6EF04082211F}.Release|x86.Build.0 = Release|Any CPU
		{86955A40-DFA8-56C5-EFAC-033C1B343521}.Debug|Any CPU.ActiveCfg = Debug|Any CPU
		{86955A40-DFA8-56C5-EFAC-033C1B343521}.Debug|Any CPU.Build.0 = Debug|Any CPU
		{86955A40-DFA8-56C5-EFAC-033C1B343521}.Debug|x64.ActiveCfg = Debug|Any CPU
		{86955A40-DFA8-56C5-EFAC-033C1B343521}.Debug|x64.Build.0 = Debug|Any CPU
		{86955A40-DFA8-56C5-EFAC-033C1B343521}.Debug|x86.ActiveCfg = Debug|Any CPU
		{86955A40-DFA8-56C5-EFAC-033C1B343521}.Debug|x86.Build.0 = Debug|Any CPU
		{86955A40-DFA8-56C5-EFAC-033C1B343521}.Release|Any CPU.ActiveCfg = Release|Any CPU
		{86955A40-DFA8-56C5-EFAC-033C1B343521}.Release|Any CPU.Build.0 = Release|Any CPU
		{86955A40-DFA8-56C5-EFAC-033C1B343521}.Release|x64.ActiveCfg = Release|Any CPU
		{86955A40-DFA8-56C5-EFAC-033C1B343521}.Release|x64.Build.0 = Release|Any CPU
		{86955A40-DFA8-56C5-EFAC-033C1B343521}.Release|x86.ActiveCfg = Release|Any CPU
		{86955A40-DFA8-56C5-EFAC-033C1B343521}.Release|x86.Build.0 = Release|Any CPU
	EndGlobalSection
	GlobalSection(SolutionProperties) = preSolution
		HideSolutionNode = FALSE
	EndGlobalSection
	GlobalSection(NestedProjects) = preSolution
		{A1B2C3D4-E5F6-7890-ABCD-EF1234567890} = {B7ACF848-A008-44F1-83DD-2FBDEDF5BAF7}
		{17D5045C-AFBD-4494-B7F6-5188CBDAA649} = {B7ACF848-A008-44F1-83DD-2FBDEDF5BAF7}
		{8F7D5164-4D3A-4A03-B0E1-26DC5C8FAA9E} = {3166389F-1D09-47D5-A74A-5F2F2DDB9120}
		{A2B3C4D5-E6F7-8901-BCDE-F12345678901} = {3166389F-1D09-47D5-A74A-5F2F2DDB9120}
		{B3C4D5E6-F7A8-9012-CDEF-123456789012} = {3166389F-1D09-47D5-A74A-5F2F2DDB9120}
		{C4D5E6F7-A8B9-0123-DEF0-123456789013} = {3166389F-1D09-47D5-A74A-5F2F2DDB9120}
		{217B7541-5A6B-43E8-1430-765D9F66AA89} = {B30DA67D-0947-4633-93E6-35B59DA94108}
		{CB2300AB-9AB2-46F9-90CD-1ADF911FD277} = {3166389F-1D09-47D5-A74A-5F2F2DDB9120}
		{3D9EA495-D459-4108-9026-77A97053B353} = {3166389F-1D09-47D5-A74A-5F2F2DDB9120}
		{CE871BB6-23FB-D701-CFCE-59B53C0D7262} = {3166389F-1D09-47D5-A74A-5F2F2DDB9120}
		{E8F9A0B1-C2D3-4567-8901-234567890ABC} = {3166389F-1D09-47D5-A74A-5F2F2DDB9120}
		{B2C3D4E5-F6A7-8901-BCDE-F12345678902} = {A9B62BA4-90B8-4185-BAC1-81E5525E9DC7}
		{C3D4E5F6-A7B8-9012-CDEF-123456789013} = {A9B62BA4-90B8-4185-BAC1-81E5525E9DC7}
		{D4E5F6A7-B8C9-0123-DEF0-123456789014} = {A9B62BA4-90B8-4185-BAC1-81E5525E9DC7}
		{E5F6A7B8-C9D0-1234-EF01-123456789015} = {56E66B46-BE15-4AD1-B371-252E84EDB669}
		{F6A7B8C9-D0E1-2345-F012-123456789016} = {56E66B46-BE15-4AD1-B371-252E84EDB669}
		{F9A0B1C2-D3E4-5678-9012-345678901BCD} = {56E66B46-BE15-4AD1-B371-252E84EDB669}
		{A7B8C9D0-E1F2-3456-0123-123456789017} = {56E66B46-BE15-4AD1-B371-252E84EDB669}
		{B8C9D0E1-F2A3-4567-1234-123456789018} = {56E66B46-BE15-4AD1-B371-252E84EDB669}
		{C9D0E1F2-A3B4-5678-2345-123456789019} = {56E66B46-BE15-4AD1-B371-252E84EDB669}
		{D1E2F3A4-B5C6-7890-4567-123456789025} = {56E66B46-BE15-4AD1-B371-252E84EDB669}
		{D0E1F2A3-B4C5-6789-3456-123456789020} = {56E66B46-BE15-4AD1-B371-252E84EDB669}
		{E1F2A3B4-C5D6-7890-4567-123456789021} = {A4638C92-261B-45C3-9443-AACCC792015D}
		{A3B4C5D6-E7F8-9012-6789-123456789023} = {CAF426F5-0A57-474A-8B22-AD3D1BFED2CE}
		{B4C5D6E7-F8A9-0123-7890-123456789024} = {9A57EED0-B8D9-44FD-BEF3-5F5E28A9A361}
		{FDC478F0-4B7C-C457-9E18-8E0295ADAF71} = {78DDA25A-7C38-13C4-DE39-740FEE45D7B1}
		{11DBDC77-71FD-4961-616D-E4DF1B1B0C75} = {78DDA25A-7C38-13C4-DE39-740FEE45D7B1}
		{8E103E32-CB62-FCF3-C054-F0BE7982B1AF} = {78DDA25A-7C38-13C4-DE39-740FEE45D7B1}
		{29717C03-BAFB-1B2C-6138-345435E8583B} = {78DDA25A-7C38-13C4-DE39-740FEE45D7B1}
		{9A57EED0-B8D9-44FD-BEF3-5F5E28A9A361} = {A1B2C3D4-E5F6-7890-ABCD-EF1234567891}
		{A9B62BA4-90B8-4185-BAC1-81E5525E9DC7} = {A1B2C3D4-E5F6-7890-ABCD-EF1234567891}
		{56E66B46-BE15-4AD1-B371-252E84EDB669} = {A1B2C3D4-E5F6-7890-ABCD-EF1234567891}
		{1657511B-F653-4E87-BD0F-6AA1388E7554} = {A1B2C3D4-E5F6-7890-ABCD-EF1234567891}
		{A4638C92-261B-45C3-9443-AACCC792015D} = {A1B2C3D4-E5F6-7890-ABCD-EF1234567891}
		{CAF426F5-0A57-474A-8B22-AD3D1BFED2CE} = {A1B2C3D4-E5F6-7890-ABCD-EF1234567891}
		{429E8B33-0C9F-444D-85A0-ED88F8DB23AD} = {3166389F-1D09-47D5-A74A-5F2F2DDB9120}
		{41C3FBBE-BED4-4BFE-917E-6AD3B0F32886} = {3166389F-1D09-47D5-A74A-5F2F2DDB9120}
		{7FC33D4A-C719-4F10-A037-D5DDF32DF008} = {56E66B46-BE15-4AD1-B371-252E84EDB669}
		{9913B3D4-A44B-35CE-9801-176E505312A2} = {56E66B46-BE15-4AD1-B371-252E84EDB669}
		{766CFE9B-0E64-E0AD-197B-EA8A692E80DD} = {56E66B46-BE15-4AD1-B371-252E84EDB669}
		{186057A9-9B86-24DA-F131-3947A7565BB2} = {A4638C92-261B-45C3-9443-AACCC792015D}
		{C020333A-003E-FED6-A9EB-1EF11854BFB1} = {A4638C92-261B-45C3-9443-AACCC792015D}
		{EBF68D3B-7776-E1B2-14F5-BA9AC808BC0A} = {3166389F-1D09-47D5-A74A-5F2F2DDB9120}
		{441B3600-3A5A-F0AC-FD13-B134265E7709} = {56E66B46-BE15-4AD1-B371-252E84EDB669}
		{625B268A-3E77-229C-35F0-598E52859439} = {3166389F-1D09-47D5-A74A-5F2F2DDB9120}
		{AA73C313-69F3-4796-941C-4B1A8A9A87E0} = {3166389F-1D09-47D5-A74A-5F2F2DDB9120}
		{C691DC1D-A708-4EBF-A334-6F626DFD205B} = {56E66B46-BE15-4AD1-B371-252E84EDB669}
		{D4F548BA-7DF5-41B7-93CC-6623C15065CD} = {3166389F-1D09-47D5-A74A-5F2F2DDB9120}
		{3EF05B44-7AD1-4AEF-A839-03D1CD9433B2} = {3AC6A357-5E9D-DA70-9B89-6B31FFDC0ADD}
		{B343FD0A-741A-85FC-5C20-EA53BA386DE4} = {A1B2C3D4-E5F6-7890-ABCD-EF1234567891}
		{06758EED-EFEA-4D3F-A6D1-9B3E22CD1C7F} = {B343FD0A-741A-85FC-5C20-EA53BA386DE4}
		{56391C2E-BEF5-AB7A-DCBC-781B212667B1} = {A1B2C3D4-E5F6-7890-ABCD-EF1234567891}
		{F0EA9E3F-9688-A217-9949-1FCDA22C17E3} = {56391C2E-BEF5-AB7A-DCBC-781B212667B1}
		{C1ADC774-A9EC-4EC9-BAFC-17361E0535D6} = {F0EA9E3F-9688-A217-9949-1FCDA22C17E3}
		{976D8CAB-ACFD-9DD9-5007-1C00E4ED6AA1} = {56391C2E-BEF5-AB7A-DCBC-781B212667B1}
		{BD98B205-BA35-4FFD-B04C-653F0C711322} = {976D8CAB-ACFD-9DD9-5007-1C00E4ED6AA1}
		{F38A7F74-5454-96F7-1DFF-FB4F9D9589D7} = {D10FD134-2176-E496-5EEE-33845BA1ADBE}
		{1C8DB293-1FAB-441D-B85E-FBE905DFB0A3} = {F38A7F74-5454-96F7-1DFF-FB4F9D9589D7}
		{90BF94CB-C1A5-45A1-95F4-9E6085D02CC4} = {F38A7F74-5454-96F7-1DFF-FB4F9D9589D7}
		{53CA841F-A5DF-40EE-BE8F-ECEA84F64824} = {F38A7F74-5454-96F7-1DFF-FB4F9D9589D7}
		{85CA4B19-7B0D-D8BC-5E6F-3325EA9CB680} = {D10FD134-2176-E496-5EEE-33845BA1ADBE}
		{00B238DC-4814-4114-AA43-11F9ED15F0D8} = {85CA4B19-7B0D-D8BC-5E6F-3325EA9CB680}
		{ACFD2103-5210-4C8C-890D-FF50428B5492} = {85CA4B19-7B0D-D8BC-5E6F-3325EA9CB680}
		{B857C0F5-36E2-4559-920A-096DE0DAA165} = {85CA4B19-7B0D-D8BC-5E6F-3325EA9CB680}
		{9A1BFC0B-DF59-E132-DB20-7A0733834827} = {D10FD134-2176-E496-5EEE-33845BA1ADBE}
		{29871E0B-64FE-4342-AFE3-A6BF477005BF} = {9A1BFC0B-DF59-E132-DB20-7A0733834827}
		{D34CA191-182B-346A-19BA-12FA74857812} = {D10FD134-2176-E496-5EEE-33845BA1ADBE}
		{D90C9C26-E88F-454B-1186-6178A254E05C} = {D34CA191-182B-346A-19BA-12FA74857812}
		{47E3458B-376A-499C-A103-AF3BC00EF857} = {D90C9C26-E88F-454B-1186-6178A254E05C}
		{1BE1DBF0-9033-7228-E5DC-FAE5713B3137} = {D34CA191-182B-346A-19BA-12FA74857812}
		{C5FA7233-FB30-43B6-8304-93E7F474255B} = {1BE1DBF0-9033-7228-E5DC-FAE5713B3137}
		{E625C2A4-E5BF-60FB-08D0-B0B68B726110} = {A1B2C3D4-E5F6-7890-ABCD-EF1234567891}
		{5D3C28BA-2599-6145-3E24-4F7ECF04C6B9} = {E625C2A4-E5BF-60FB-08D0-B0B68B726110}
		{C3988608-4438-44EE-81D3-002A1FE486B8} = {5D3C28BA-2599-6145-3E24-4F7ECF04C6B9}
		{42F1C94F-5ACE-47C4-8726-2BA2E4B4B520} = {5D3C28BA-2599-6145-3E24-4F7ECF04C6B9}
		{7723370F-A28C-455E-A63D-4391079C2891} = {5D3C28BA-2599-6145-3E24-4F7ECF04C6B9}
		{4FBE8CEB-6FCB-18AC-7974-F2E749D1C9ED} = {E625C2A4-E5BF-60FB-08D0-B0B68B726110}
		{ABA5D29D-B2CB-4422-8602-4A288FBB0534} = {4FBE8CEB-6FCB-18AC-7974-F2E749D1C9ED}
		{F0CDAFAF-7CF4-4370-8CF2-30B36E3652FC} = {4FBE8CEB-6FCB-18AC-7974-F2E749D1C9ED}
		{A55CB4D3-2763-4353-A641-4D3C5D9EA80A} = {4FBE8CEB-6FCB-18AC-7974-F2E749D1C9ED}
		{EA13F55D-55AD-96A6-0F7B-D78F31FCD0FE} = {E625C2A4-E5BF-60FB-08D0-B0B68B726110}
		{2288A3D1-D5B0-4170-9A7D-0C701F06C649} = {EA13F55D-55AD-96A6-0F7B-D78F31FCD0FE}
		{2F4C8C3D-05BD-AA92-754F-649860E894F8} = {E625C2A4-E5BF-60FB-08D0-B0B68B726110}
		{2681C80F-C497-42F6-81F4-8F9BB898325C} = {2F4C8C3D-05BD-AA92-754F-649860E894F8}
		{D4557AFE-CC69-2FE3-12BC-714B2E1494A5} = {E625C2A4-E5BF-60FB-08D0-B0B68B726110}
		{64143369-B5BD-9299-7950-E5B18F520871} = {D4557AFE-CC69-2FE3-12BC-714B2E1494A5}
		{B1E84302-17E6-4AE2-AD24-2DD79F4B60F6} = {64143369-B5BD-9299-7950-E5B18F520871}
		{EDF27C4D-48C4-B90A-1375-AD40D64F12C4} = {E625C2A4-E5BF-60FB-08D0-B0B68B726110}
		{D13E52C5-84A9-43EF-B6A1-DA95D6D22586} = {EDF27C4D-48C4-B90A-1375-AD40D64F12C4}
		{C63CCE8D-FF72-1136-0C38-71160025B359} = {FDC478F0-4B7C-C457-9E18-8E0295ADAF71}
		{042933E6-36B1-808F-ABE4-2E07E6DF4367} = {8E103E32-CB62-FCF3-C054-F0BE7982B1AF}
		{8A649EF7-6629-B385-8969-D9D26A5DD91B} = {11DBDC77-71FD-4961-616D-E4DF1B1B0C75}
		{CFBAFF3A-A935-9660-C38E-41B96991BB48} = {29717C03-BAFB-1B2C-6138-345435E8583B}
		{03EDAA35-643A-4E23-96A2-ACD2228F9930} = {1657511B-F653-4E87-BD0F-6AA1388E7554}
		{9DDB2A5E-6FD7-4792-A500-6EF04082211F} = {1657511B-F653-4E87-BD0F-6AA1388E7554}
		{86955A40-DFA8-56C5-EFAC-033C1B343521} = {A4638C92-261B-45C3-9443-AACCC792015D}
	EndGlobalSection
	GlobalSection(ExtensibilityGlobals) = postSolution
		SolutionGuid = {9F4D9C48-36D8-465A-9065-D491D435A0F6}
	EndGlobalSection
EndGlobal
